
Microsoft Visual Studio Solution File, Format Version 11.00
# Visual Studio 2010
Project("{2150E333-8FDC-42A3-9474-1A3956D46DE8}") = "Solution Items", "Solution Items", "{EE9B03C4-A4A0-424A-A8D8-4BF0C8A13FFF}"
	ProjectSection(SolutionItems) = preProject
		Goals.docx = Goals.docx
		Readme.txt = Readme.txt
	EndProjectSection
EndProject
Project("{2150E333-8FDC-42A3-9474-1A3956D46DE8}") = "1. Presentation Layer", "1. Presentation Layer", "{122E6FF7-6514-409A-AC50-FDBE12F7A884}"
EndProject
Project("{2150E333-8FDC-42A3-9474-1A3956D46DE8}") = "2. Hosting Layer", "2. Hosting Layer", "{91514EE4-4D10-4ACF-B894-0135BFA6CCAF}"
	ProjectSection(SolutionItems) = preProject
		Hosting Layer Readme.txt = Hosting Layer Readme.txt
	EndProjectSection
EndProject
Project("{2150E333-8FDC-42A3-9474-1A3956D46DE8}") = "3. Service Layer", "3. Service Layer", "{A57C4E5A-F588-4449-B26C-06CC63EDA69D}"
EndProject
Project("{2150E333-8FDC-42A3-9474-1A3956D46DE8}") = "4. Business Layer", "4. Business Layer", "{F51EAEE1-7809-4054-AE04-23CED80D9F60}"
EndProject
Project("{2150E333-8FDC-42A3-9474-1A3956D46DE8}") = "5. Data Layer", "5. Data Layer", "{7259A6ED-6D5E-44EB-9668-E703F7FA7114}"
EndProject
Project("{2150E333-8FDC-42A3-9474-1A3956D46DE8}") = "Framework", "Framework", "{071E2AF7-BBB7-4DE0-93D3-C506F9BED887}"
EndProject
Project("{FAE04EC0-301F-11D3-BF4B-00C04F79EFBC}") = "SitecoreClient", "SitecoreClient\SitecoreClient.csproj", "{7F73DBFD-1120-48DB-80AB-E47D1D00D70A}"
EndProject
Project("{2150E333-8FDC-42A3-9474-1A3956D46DE8}") = "Tets", "Tets", "{7C23AA2E-3FC7-46A3-9649-8F7BDB1B6437}"
EndProject
Project("{FAE04EC0-301F-11D3-BF4B-00C04F79EFBC}") = "Business Objects", "Business Objects\Business Objects.csproj", "{FD72F282-6DDC-4215-B28D-E568A9BC4AB2}"
EndProject
Project("{FAE04EC0-301F-11D3-BF4B-00C04F79EFBC}") = "DataObjects", "Data Objects\DataObjects.csproj", "{3924CB6F-9F67-408B-842C-F19CA4076D2C}"
EndProject
Project("{FAE04EC0-301F-11D3-BF4B-00C04F79EFBC}") = "Service Tests", "Service Tests\Service Tests.csproj", "{9B2981C4-E8F1-43EF-8CA6-648B30CA66FC}"
EndProject
Project("{FAE04EC0-301F-11D3-BF4B-00C04F79EFBC}") = "Service", "Service\Service.csproj", "{5F04C3FE-B862-4374-B43B-8E20652408B1}"
EndProject
Project("{2150E333-8FDC-42A3-9474-1A3956D46DE8}") = "WebsiteKernel", "WebsiteKernel", "{1BDC2BB7-5EEA-4EC6-9CDC-50D688432A0A}"
EndProject
Project("{FAE04EC0-301F-11D3-BF4B-00C04F79EFBC}") = "WebsiteKernel.Logging", "WebsiteKernel\WebsiteKernel.Logging\WebsiteKernel.Logging.csproj", "{77CF676F-A242-46A0-8EBA-4296578DAE7A}"
EndProject
Project("{FAE04EC0-301F-11D3-BF4B-00C04F79EFBC}") = "WebsiteKernel.Notifications", "WebsiteKernel\WebsiteKernel.Notifications\WebsiteKernel.Notifications.csproj", "{743CBA44-A708-4D05-8342-51E31207BCBD}"
EndProject
Project("{FAE04EC0-301F-11D3-BF4B-00C04F79EFBC}") = "WebsiteKernel.SitecoreDictionary", "WebsiteKernel\WebsiteKernel.SitecoreDictionary\WebsiteKernel.SitecoreDictionary.csproj", "{EEF70FC2-5681-4ACA-94DB-0EBADD8D92D9}"
EndProject
Project("{FAE04EC0-301F-11D3-BF4B-00C04F79EFBC}") = "WebsiteKernel", "WebsiteKernel\WebsiteKernel\WebsiteKernel.csproj", "{17AF8A70-A50A-4251-801C-D9A33B689CA8}"
EndProject
Project("{FAE04EC0-301F-11D3-BF4B-00C04F79EFBC}") = "WebsiteKernel.Logging.Sitrecore", "WebsiteKernel\WebsiteKernel.Logging.Sitrecore\WebsiteKernel.Logging.Sitrecore.csproj", "{8478EC7A-FB03-4ECF-B855-685C0E68B007}"
EndProject
Project("{FAE04EC0-301F-11D3-BF4B-00C04F79EFBC}") = "Glass.Sitecore.Mapper", "..\Glass.Sitecore.Mapper\Source\Glass.Sitecore.Mapper\Glass.Sitecore.Mapper.csproj", "{564CDD78-0939-436B-9C90-7AF9D95B9024}"
EndProject
Project("{FAE04EC0-301F-11D3-BF4B-00C04F79EFBC}") = "WebsiteKernel.Sitecore", "WebsiteKernel\WebsiteKernel.Sitecore\WebsiteKernel.Sitecore.csproj", "{96FFA04B-1B44-464D-9D61-44FEB6AA8F96}"
EndProject
Project("{FAE04EC0-301F-11D3-BF4B-00C04F79EFBC}") = "WebsiteKernel.Sitecore.Constants", "WebsiteKernel\WebsiteKernel.Sitecore.Constants\WebsiteKernel.Sitecore.Constants.csproj", "{7357848E-332F-4912-99A3-3456B578450F}"
EndProject
Project("{FAE04EC0-301F-11D3-BF4B-00C04F79EFBC}") = "WebsiteKernel.Sitecore.Extensions", "WebsiteKernel\WebsiteKernel.Sitecore.Extensions\WebsiteKernel.Sitecore.Extensions.csproj", "{E63537CB-7A99-4651-91BA-14FC9F6B9DA6}"
EndProject
Project("{FAE04EC0-301F-11D3-BF4B-00C04F79EFBC}") = "WebsiteKernel.Search.Sitecore", "WebsiteKernel\WebsiteKernel.Search.Sitecore\WebsiteKernel.Search.Sitecore.csproj", "{49A85CD1-A730-4C28-9245-C5DDE018FD56}"
EndProject
Project("{FAE04EC0-301F-11D3-BF4B-00C04F79EFBC}") = "DataObjects.Sitecore", "DataObjects.Sitecore\DataObjects.Sitecore.csproj", "{7F233F1D-7C7F-4405-B3BE-D88F27B64DC0}"
EndProject
Project("{FAE04EC0-301F-11D3-BF4B-00C04F79EFBC}") = "DataObjects.EntityFramework", "DataObjects.EntityFramework\DataObjects.EntityFramework.csproj", "{8E433D87-E901-4CB1-94BB-5E94FAA66982}"
EndProject
Project("{FAE04EC0-301F-11D3-BF4B-00C04F79EFBC}") = "DataObjects.NHibernate", "DataObjects.NHibernate\DataObjects.NHibernate.csproj", "{4FFAB3FF-16A4-410E-BC49-71729F976A8A}"
EndProject
Project("{FAE04EC0-301F-11D3-BF4B-00C04F79EFBC}") = "DataObjects.Umbraco", "DataObjects.Umbraco\DataObjects.Umbraco.csproj", "{28C2A384-9233-4F7B-82B8-CCB19D1A4B91}"
EndProject
Project("{FAE04EC0-301F-11D3-BF4B-00C04F79EFBC}") = "WebsiteControls", "WebsiteControls\WebsiteControls.csproj", "{EC1415FF-28FE-4F17-93D3-10DC0E42C0FE}"
EndProject
Project("{FAE04EC0-301F-11D3-BF4B-00C04F79EFBC}") = "UmbracoClient", "UmbracoClient\UmbracoClient.csproj", "{9831857A-E56F-4413-A89C-75F083D6C7B1}"
EndProject
Global
	GlobalSection(SolutionConfigurationPlatforms) = preSolution
		Debug|Any CPU = Debug|Any CPU
		Release|Any CPU = Release|Any CPU
	EndGlobalSection
	GlobalSection(ProjectConfigurationPlatforms) = postSolution
		{7F73DBFD-1120-48DB-80AB-E47D1D00D70A}.Debug|Any CPU.ActiveCfg = Debug|Any CPU
		{7F73DBFD-1120-48DB-80AB-E47D1D00D70A}.Debug|Any CPU.Build.0 = Debug|Any CPU
		{7F73DBFD-1120-48DB-80AB-E47D1D00D70A}.Release|Any CPU.ActiveCfg = Release|Any CPU
		{7F73DBFD-1120-48DB-80AB-E47D1D00D70A}.Release|Any CPU.Build.0 = Release|Any CPU
		{FD72F282-6DDC-4215-B28D-E568A9BC4AB2}.Debug|Any CPU.ActiveCfg = Debug|Any CPU
		{FD72F282-6DDC-4215-B28D-E568A9BC4AB2}.Debug|Any CPU.Build.0 = Debug|Any CPU
		{FD72F282-6DDC-4215-B28D-E568A9BC4AB2}.Release|Any CPU.ActiveCfg = Release|Any CPU
		{FD72F282-6DDC-4215-B28D-E568A9BC4AB2}.Release|Any CPU.Build.0 = Release|Any CPU
		{3924CB6F-9F67-408B-842C-F19CA4076D2C}.Debug|Any CPU.ActiveCfg = Debug|Any CPU
		{3924CB6F-9F67-408B-842C-F19CA4076D2C}.Debug|Any CPU.Build.0 = Debug|Any CPU
		{3924CB6F-9F67-408B-842C-F19CA4076D2C}.Release|Any CPU.ActiveCfg = Release|Any CPU
		{3924CB6F-9F67-408B-842C-F19CA4076D2C}.Release|Any CPU.Build.0 = Release|Any CPU
		{9B2981C4-E8F1-43EF-8CA6-648B30CA66FC}.Debug|Any CPU.ActiveCfg = Debug|Any CPU
		{9B2981C4-E8F1-43EF-8CA6-648B30CA66FC}.Debug|Any CPU.Build.0 = Debug|Any CPU
		{9B2981C4-E8F1-43EF-8CA6-648B30CA66FC}.Release|Any CPU.ActiveCfg = Release|Any CPU
		{9B2981C4-E8F1-43EF-8CA6-648B30CA66FC}.Release|Any CPU.Build.0 = Release|Any CPU
		{5F04C3FE-B862-4374-B43B-8E20652408B1}.Debug|Any CPU.ActiveCfg = Debug|Any CPU
		{5F04C3FE-B862-4374-B43B-8E20652408B1}.Debug|Any CPU.Build.0 = Debug|Any CPU
		{5F04C3FE-B862-4374-B43B-8E20652408B1}.Release|Any CPU.ActiveCfg = Release|Any CPU
		{5F04C3FE-B862-4374-B43B-8E20652408B1}.Release|Any CPU.Build.0 = Release|Any CPU
		{77CF676F-A242-46A0-8EBA-4296578DAE7A}.Debug|Any CPU.ActiveCfg = Debug|Any CPU
		{77CF676F-A242-46A0-8EBA-4296578DAE7A}.Debug|Any CPU.Build.0 = Debug|Any CPU
		{77CF676F-A242-46A0-8EBA-4296578DAE7A}.Release|Any CPU.ActiveCfg = Release|Any CPU
		{77CF676F-A242-46A0-8EBA-4296578DAE7A}.Release|Any CPU.Build.0 = Release|Any CPU
		{743CBA44-A708-4D05-8342-51E31207BCBD}.Debug|Any CPU.ActiveCfg = Debug|Any CPU
		{743CBA44-A708-4D05-8342-51E31207BCBD}.Debug|Any CPU.Build.0 = Debug|Any CPU
		{743CBA44-A708-4D05-8342-51E31207BCBD}.Release|Any CPU.ActiveCfg = Release|Any CPU
		{743CBA44-A708-4D05-8342-51E31207BCBD}.Release|Any CPU.Build.0 = Release|Any CPU
		{EEF70FC2-5681-4ACA-94DB-0EBADD8D92D9}.Debug|Any CPU.ActiveCfg = Debug|Any CPU
		{EEF70FC2-5681-4ACA-94DB-0EBADD8D92D9}.Debug|Any CPU.Build.0 = Debug|Any CPU
		{EEF70FC2-5681-4ACA-94DB-0EBADD8D92D9}.Release|Any CPU.ActiveCfg = Release|Any CPU
		{EEF70FC2-5681-4ACA-94DB-0EBADD8D92D9}.Release|Any CPU.Build.0 = Release|Any CPU
		{17AF8A70-A50A-4251-801C-D9A33B689CA8}.Debug|Any CPU.ActiveCfg = Debug|Any CPU
		{17AF8A70-A50A-4251-801C-D9A33B689CA8}.Debug|Any CPU.Build.0 = Debug|Any CPU
		{17AF8A70-A50A-4251-801C-D9A33B689CA8}.Release|Any CPU.ActiveCfg = Release|Any CPU
		{17AF8A70-A50A-4251-801C-D9A33B689CA8}.Release|Any CPU.Build.0 = Release|Any CPU
		{8478EC7A-FB03-4ECF-B855-685C0E68B007}.Debug|Any CPU.ActiveCfg = Debug|Any CPU
		{8478EC7A-FB03-4ECF-B855-685C0E68B007}.Debug|Any CPU.Build.0 = Debug|Any CPU
		{8478EC7A-FB03-4ECF-B855-685C0E68B007}.Release|Any CPU.ActiveCfg = Release|Any CPU
		{8478EC7A-FB03-4ECF-B855-685C0E68B007}.Release|Any CPU.Build.0 = Release|Any CPU
		{564CDD78-0939-436B-9C90-7AF9D95B9024}.Debug|Any CPU.ActiveCfg = Debug|Any CPU
		{564CDD78-0939-436B-9C90-7AF9D95B9024}.Debug|Any CPU.Build.0 = Debug|Any CPU
		{564CDD78-0939-436B-9C90-7AF9D95B9024}.Release|Any CPU.ActiveCfg = Release|Any CPU
		{564CDD78-0939-436B-9C90-7AF9D95B9024}.Release|Any CPU.Build.0 = Release|Any CPU
		{96FFA04B-1B44-464D-9D61-44FEB6AA8F96}.Debug|Any CPU.ActiveCfg = Debug|Any CPU
		{96FFA04B-1B44-464D-9D61-44FEB6AA8F96}.Debug|Any CPU.Build.0 = Debug|Any CPU
		{96FFA04B-1B44-464D-9D61-44FEB6AA8F96}.Release|Any CPU.ActiveCfg = Release|Any CPU
		{96FFA04B-1B44-464D-9D61-44FEB6AA8F96}.Release|Any CPU.Build.0 = Release|Any CPU
		{7357848E-332F-4912-99A3-3456B578450F}.Debug|Any CPU.ActiveCfg = Debug|Any CPU
		{7357848E-332F-4912-99A3-3456B578450F}.Debug|Any CPU.Build.0 = Debug|Any CPU
		{7357848E-332F-4912-99A3-3456B578450F}.Release|Any CPU.ActiveCfg = Release|Any CPU
		{7357848E-332F-4912-99A3-3456B578450F}.Release|Any CPU.Build.0 = Release|Any CPU
		{E63537CB-7A99-4651-91BA-14FC9F6B9DA6}.Debug|Any CPU.ActiveCfg = Debug|Any CPU
		{E63537CB-7A99-4651-91BA-14FC9F6B9DA6}.Debug|Any CPU.Build.0 = Debug|Any CPU
		{E63537CB-7A99-4651-91BA-14FC9F6B9DA6}.Release|Any CPU.ActiveCfg = Release|Any CPU
		{E63537CB-7A99-4651-91BA-14FC9F6B9DA6}.Release|Any CPU.Build.0 = Release|Any CPU
		{49A85CD1-A730-4C28-9245-C5DDE018FD56}.Debug|Any CPU.ActiveCfg = Debug|Any CPU
		{49A85CD1-A730-4C28-9245-C5DDE018FD56}.Debug|Any CPU.Build.0 = Debug|Any CPU
		{49A85CD1-A730-4C28-9245-C5DDE018FD56}.Release|Any CPU.ActiveCfg = Release|Any CPU
		{49A85CD1-A730-4C28-9245-C5DDE018FD56}.Release|Any CPU.Build.0 = Release|Any CPU
		{7F233F1D-7C7F-4405-B3BE-D88F27B64DC0}.Debug|Any CPU.ActiveCfg = Debug|Any CPU
		{7F233F1D-7C7F-4405-B3BE-D88F27B64DC0}.Debug|Any CPU.Build.0 = Debug|Any CPU
		{7F233F1D-7C7F-4405-B3BE-D88F27B64DC0}.Release|Any CPU.ActiveCfg = Release|Any CPU
		{7F233F1D-7C7F-4405-B3BE-D88F27B64DC0}.Release|Any CPU.Build.0 = Release|Any CPU
		{8E433D87-E901-4CB1-94BB-5E94FAA66982}.Debug|Any CPU.ActiveCfg = Debug|Any CPU
		{8E433D87-E901-4CB1-94BB-5E94FAA66982}.Debug|Any CPU.Build.0 = Debug|Any CPU
		{8E433D87-E901-4CB1-94BB-5E94FAA66982}.Release|Any CPU.ActiveCfg = Release|Any CPU
		{8E433D87-E901-4CB1-94BB-5E94FAA66982}.Release|Any CPU.Build.0 = Release|Any CPU
		{4FFAB3FF-16A4-410E-BC49-71729F976A8A}.Debug|Any CPU.ActiveCfg = Debug|Any CPU
		{4FFAB3FF-16A4-410E-BC49-71729F976A8A}.Debug|Any CPU.Build.0 = Debug|Any CPU
		{4FFAB3FF-16A4-410E-BC49-71729F976A8A}.Release|Any CPU.ActiveCfg = Release|Any CPU
		{4FFAB3FF-16A4-410E-BC49-71729F976A8A}.Release|Any CPU.Build.0 = Release|Any CPU
		{28C2A384-9233-4F7B-82B8-CCB19D1A4B91}.Debug|Any CPU.ActiveCfg = Debug|Any CPU
		{28C2A384-9233-4F7B-82B8-CCB19D1A4B91}.Debug|Any CPU.Build.0 = Debug|Any CPU
		{28C2A384-9233-4F7B-82B8-CCB19D1A4B91}.Release|Any CPU.ActiveCfg = Release|Any CPU
		{28C2A384-9233-4F7B-82B8-CCB19D1A4B91}.Release|Any CPU.Build.0 = Release|Any CPU
		{EC1415FF-28FE-4F17-93D3-10DC0E42C0FE}.Debug|Any CPU.ActiveCfg = Debug|Any CPU
		{EC1415FF-28FE-4F17-93D3-10DC0E42C0FE}.Debug|Any CPU.Build.0 = Debug|Any CPU
		{EC1415FF-28FE-4F17-93D3-10DC0E42C0FE}.Release|Any CPU.ActiveCfg = Release|Any CPU
		{EC1415FF-28FE-4F17-93D3-10DC0E42C0FE}.Release|Any CPU.Build.0 = Release|Any CPU
		{9831857A-E56F-4413-A89C-75F083D6C7B1}.Debug|Any CPU.ActiveCfg = Debug|Any CPU
		{9831857A-E56F-4413-A89C-75F083D6C7B1}.Debug|Any CPU.Build.0 = Debug|Any CPU
		{9831857A-E56F-4413-A89C-75F083D6C7B1}.Release|Any CPU.ActiveCfg = Release|Any CPU
		{9831857A-E56F-4413-A89C-75F083D6C7B1}.Release|Any CPU.Build.0 = Release|Any CPU
	EndGlobalSection
	GlobalSection(SolutionProperties) = preSolution
		HideSolutionNode = FALSE
	EndGlobalSection
	GlobalSection(NestedProjects) = preSolution
		{7F73DBFD-1120-48DB-80AB-E47D1D00D70A} = {122E6FF7-6514-409A-AC50-FDBE12F7A884}
		{EC1415FF-28FE-4F17-93D3-10DC0E42C0FE} = {122E6FF7-6514-409A-AC50-FDBE12F7A884}
		{9831857A-E56F-4413-A89C-75F083D6C7B1} = {122E6FF7-6514-409A-AC50-FDBE12F7A884}
		{5F04C3FE-B862-4374-B43B-8E20652408B1} = {A57C4E5A-F588-4449-B26C-06CC63EDA69D}
		{FD72F282-6DDC-4215-B28D-E568A9BC4AB2} = {F51EAEE1-7809-4054-AE04-23CED80D9F60}
		{3924CB6F-9F67-408B-842C-F19CA4076D2C} = {7259A6ED-6D5E-44EB-9668-E703F7FA7114}
		{7F233F1D-7C7F-4405-B3BE-D88F27B64DC0} = {7259A6ED-6D5E-44EB-9668-E703F7FA7114}
		{8E433D87-E901-4CB1-94BB-5E94FAA66982} = {7259A6ED-6D5E-44EB-9668-E703F7FA7114}
		{4FFAB3FF-16A4-410E-BC49-71729F976A8A} = {7259A6ED-6D5E-44EB-9668-E703F7FA7114}
		{28C2A384-9233-4F7B-82B8-CCB19D1A4B91} = {7259A6ED-6D5E-44EB-9668-E703F7FA7114}
		{564CDD78-0939-436B-9C90-7AF9D95B9024} = {071E2AF7-BBB7-4DE0-93D3-C506F9BED887}
		{9B2981C4-E8F1-43EF-8CA6-648B30CA66FC} = {7C23AA2E-3FC7-46A3-9649-8F7BDB1B6437}
		{77CF676F-A242-46A0-8EBA-4296578DAE7A} = {1BDC2BB7-5EEA-4EC6-9CDC-50D688432A0A}
		{743CBA44-A708-4D05-8342-51E31207BCBD} = {1BDC2BB7-5EEA-4EC6-9CDC-50D688432A0A}
		{EEF70FC2-5681-4ACA-94DB-0EBADD8D92D9} = {1BDC2BB7-5EEA-4EC6-9CDC-50D688432A0A}
		{17AF8A70-A50A-4251-801C-D9A33B689CA8} = {1BDC2BB7-5EEA-4EC6-9CDC-50D688432A0A}
		{8478EC7A-FB03-4ECF-B855-685C0E68B007} = {1BDC2BB7-5EEA-4EC6-9CDC-50D688432A0A}
		{96FFA04B-1B44-464D-9D61-44FEB6AA8F96} = {1BDC2BB7-5EEA-4EC6-9CDC-50D688432A0A}
		{7357848E-332F-4912-99A3-3456B578450F} = {1BDC2BB7-5EEA-4EC6-9CDC-50D688432A0A}
		{E63537CB-7A99-4651-91BA-14FC9F6B9DA6} = {1BDC2BB7-5EEA-4EC6-9CDC-50D688432A0A}
		{49A85CD1-A730-4C28-9245-C5DDE018FD56} = {1BDC2BB7-5EEA-4EC6-9CDC-50D688432A0A}
	EndGlobalSection
EndGlobal
