
Microsoft Visual Studio Solution File, Format Version 12.00
# Visual Studio 2012
Project("{2150E333-8FDC-42A3-9474-1A3956D46DE8}") = ".git", ".git", "{3133D689-2267-41EC-9531-4822F9A05317}"
	ProjectSection(SolutionItems) = preProject
		..\.gitignore = ..\.gitignore
		..\LICENSE = ..\LICENSE
		..\README.md = ..\README.md
	EndProjectSection
EndProject
Project("{2150E333-8FDC-42A3-9474-1A3956D46DE8}") = ".nuget", ".nuget", "{B0C52621-61B1-4AE3-B080-B2AD520F049F}"
	ProjectSection(SolutionItems) = preProject
		.nuget\NuGet.Config = .nuget\NuGet.Config
		.nuget\NuGet.exe = .nuget\NuGet.exe
		.nuget\NuGet.targets = .nuget\NuGet.targets
	EndProjectSection
EndProject
Project("{2150E333-8FDC-42A3-9474-1A3956D46DE8}") = ".stylecop", ".stylecop", "{51508F17-9A04-4FA8-93DF-9563D8B746B1}"
	ProjectSection(SolutionItems) = preProject
		Settings.StyleCop = Settings.StyleCop
	EndProjectSection
EndProject
Project("{2150E333-8FDC-42A3-9474-1A3956D46DE8}") = "Configuration", "Configuration", "{2AC2DF61-A01C-457F-8544-151191EE6896}"
EndProject
Project("{2150E333-8FDC-42A3-9474-1A3956D46DE8}") = "Data", "Data", "{C28C97C6-B7CA-45FA-9204-FDA7770C76EF}"
EndProject
Project("{2150E333-8FDC-42A3-9474-1A3956D46DE8}") = "Hosting", "Hosting", "{5EF1A7DA-8974-451A-8A3B-7239BD74E337}"
EndProject
Project("{2150E333-8FDC-42A3-9474-1A3956D46DE8}") = "Kernel", "Kernel", "{A492E7BB-B4F8-40FF-BB3D-6EED3AB4F148}"
EndProject
Project("{2150E333-8FDC-42A3-9474-1A3956D46DE8}") = "Models", "Models", "{8D490096-8123-4D45-B75F-3B26FFD81FB8}"
EndProject
Project("{2150E333-8FDC-42A3-9474-1A3956D46DE8}") = "Service", "Service", "{8164FDFB-8659-429C-B477-D7BA8FAAD1A4}"
EndProject
Project("{2150E333-8FDC-42A3-9474-1A3956D46DE8}") = "Ui", "Ui", "{A780003F-1B17-4379-900F-CB1D14A03F5C}"
EndProject
Project("{2150E333-8FDC-42A3-9474-1A3956D46DE8}") = "Tests", "Tests", "{66B97C17-FCD0-4F8C-91C9-3EDB1BF2FF52}"
	ProjectSection(SolutionItems) = preProject
		Tests\Settings.StyleCop = Tests\Settings.StyleCop
	EndProjectSection
EndProject
Project("{FAE04EC0-301F-11D3-BF4B-00C04F79EFBC}") = "Gravyframe.Configuration", "Gravyframe.Constants\Gravyframe.Configuration.csproj", "{9F685246-E7D2-43D8-A76F-027787420687}"
EndProject
Project("{FAE04EC0-301F-11D3-BF4B-00C04F79EFBC}") = "Gravyframe.Configuration.Umbraco", "Gravyframe.Constants.Umbraco\Gravyframe.Configuration.Umbraco.csproj", "{66D63608-084C-4169-A041-C08725A5ABA1}"
EndProject
Project("{FAE04EC0-301F-11D3-BF4B-00C04F79EFBC}") = "Gravyframe.Data", "Gravyframe.Data\Gravyframe.Data.csproj", "{DA80ABB5-0A99-4DC1-B56F-DAF7018D3BC5}"
EndProject
Project("{FAE04EC0-301F-11D3-BF4B-00C04F79EFBC}") = "Gravyframe.Data.Umbraco", "Gravyframe.Data.Umbraco\Gravyframe.Data.Umbraco.csproj", "{A4C5ABE0-66A7-401C-A05E-0D03E8805838}"
EndProject
Project("{FAE04EC0-301F-11D3-BF4B-00C04F79EFBC}") = "Gravyframe.Data.Tests", "Tests\Gravyframe.Data.Tests\Gravyframe.Data.Tests.csproj", "{EC67B062-8ABC-4B40-94D1-097421B04CE4}"
EndProject
Project("{FAE04EC0-301F-11D3-BF4B-00C04F79EFBC}") = "Gravyframe.Data.Umbraco.Tests", "Tests\Gravyframe.Data.Umbraco.Tests\Gravyframe.Data.Umbraco.Tests.csproj", "{27403773-6935-4D02-A15D-3B8BF117D051}"
EndProject
Project("{FAE04EC0-301F-11D3-BF4B-00C04F79EFBC}") = "Gravyframe.ServiceStack.Tests", "Tests\Gravyframe.ServiceStack.Tests\Gravyframe.ServiceStack.Tests.csproj", "{37C54F92-581C-4FDE-AE60-526CD01FD1FD}"
EndProject
Project("{FAE04EC0-301F-11D3-BF4B-00C04F79EFBC}") = "Gravyframe.ServiceStack.News", "Gravyframe.ServiceStack.News\Gravyframe.ServiceStack.News.csproj", "{C5F9520D-8672-4213-969C-9502522DD191}"
EndProject
Project("{FAE04EC0-301F-11D3-BF4B-00C04F79EFBC}") = "Gravyframe.ServiceStack", "Gravyframe.ServiceStack\Gravyframe.ServiceStack.csproj", "{AC4D7CBB-0D87-4CD7-B642-65D2710E9E6F}"
EndProject
Project("{FAE04EC0-301F-11D3-BF4B-00C04F79EFBC}") = "Gravyframe.ServiceStack.Umbraco", "Gravyframe.ServiceStack.Umbraco\Gravyframe.ServiceStack.Umbraco.csproj", "{70F36221-8949-40EB-8996-4F7CA11CC007}"
EndProject
Project("{FAE04EC0-301F-11D3-BF4B-00C04F79EFBC}") = "Gravyframe.ServiceStack.Content.Umbraco", "Gravyframe.ServiceStack.Umbraco.Content\Gravyframe.ServiceStack.Content.Umbraco.csproj", "{B22CCE01-30AD-4601-905F-F4B93E71C124}"
EndProject
Project("{FAE04EC0-301F-11D3-BF4B-00C04F79EFBC}") = "Gravyframe.ServiceStack.News.Umbraco", "Gravyframe.ServiceStack.Umbraco.News\Gravyframe.ServiceStack.News.Umbraco.csproj", "{B8CC1EFF-50CB-441A-8027-3852EDA7DF8C}"
EndProject
Project("{FAE04EC0-301F-11D3-BF4B-00C04F79EFBC}") = "Gravyframe.Kernel", "Gravyframe.Kernel\Gravyframe.Kernel.csproj", "{656D1A93-A92A-402E-9AF7-4AF4BE963958}"
EndProject
Project("{FAE04EC0-301F-11D3-BF4B-00C04F79EFBC}") = "Gravyframe.Kernel.Umbraco", "Gravyframe.Kernel.Umbraco\Gravyframe.Kernel.Umbraco.csproj", "{35D78ACD-3AA6-4593-AD64-5ABF3C3BB7B6}"
EndProject
Project("{FAE04EC0-301F-11D3-BF4B-00C04F79EFBC}") = "Gravyframe.Kernel.Tests", "Tests\Gravyframe.Kernel.Tests\Gravyframe.Kernel.Tests.csproj", "{86BD250A-0144-4497-86A3-90BF8D4FE40D}"
EndProject
Project("{FAE04EC0-301F-11D3-BF4B-00C04F79EFBC}") = "Gravyframe.Kernel.Umbraco.Tests", "Tests\Gravyframe.Kernel.Umbraco.Tests\Gravyframe.Kernel.Umbraco.Tests.csproj", "{B5105E60-0C2B-494E-A7D0-8336572AB469}"
EndProject
Project("{FAE04EC0-301F-11D3-BF4B-00C04F79EFBC}") = "Gravyframe.Models.Umbraco", "Gravyframe.Models.Umbraco\Gravyframe.Models.Umbraco.csproj", "{CC84F5C7-7CCA-4638-BD8B-4BBCC75AB9B1}"
EndProject
Project("{FAE04EC0-301F-11D3-BF4B-00C04F79EFBC}") = "Gravyframe.Models", "Gravyframe.Model\Gravyframe.Models.csproj", "{5D5EB908-B67B-4E7E-AF9E-25BDD03F543E}"
EndProject
Project("{FAE04EC0-301F-11D3-BF4B-00C04F79EFBC}") = "Gravyframe.Service", "Gravyframe.Service\Gravyframe.Service.csproj", "{732189F6-7A48-4FF2-8705-B1CD80897B67}"
EndProject
Project("{FAE04EC0-301F-11D3-BF4B-00C04F79EFBC}") = "Gravyframe.Service.Content", "Gravyframe.Service.Content\Gravyframe.Service.Content.csproj", "{76BE15EE-931E-4BA9-9288-0825C3D37966}"
EndProject
Project("{FAE04EC0-301F-11D3-BF4B-00C04F79EFBC}") = "Gravyframe.Service.News", "Gravyframe.Service.News\Gravyframe.Service.News.csproj", "{8392392F-97D1-4D87-A1FE-9B3BFEE2EFE4}"
EndProject
Project("{FAE04EC0-301F-11D3-BF4B-00C04F79EFBC}") = "Gravyframe.Service.Content.Tests", "Tests\Gravyframe.Service.Content.Tests\Gravyframe.Service.Content.Tests.csproj", "{73481B73-4311-4A81-8827-CCAB7E2FD66A}"
EndProject
Project("{FAE04EC0-301F-11D3-BF4B-00C04F79EFBC}") = "Gravyframe.Service.News.Tests", "Tests\Gravyframe.Service.News.Tests\Gravyframe.Service.News.Tests.csproj", "{8179D686-0600-4728-BA2A-6674571B9F88}"
EndProject
Project("{FAE04EC0-301F-11D3-BF4B-00C04F79EFBC}") = "Gravyframe.Service.Tests", "Tests\Gravyframe.Service.Tests\Gravyframe.Service.Tests.csproj", "{F1D4B6DF-3042-4E81-A296-6D16F3B51A6B}"
EndProject
Project("{FAE04EC0-301F-11D3-BF4B-00C04F79EFBC}") = "Gravyframe.UI.CMS.Umbraco", "Gravyframe.UI.CMS.Umbraco\Gravyframe.UI.CMS.Umbraco.csproj", "{A9493E5F-301A-47DB-972C-F2F59E0C43BC}"
EndProject
Global
	GlobalSection(SolutionConfigurationPlatforms) = preSolution
		Debug|Any CPU = Debug|Any CPU
		Release|Any CPU = Release|Any CPU
	EndGlobalSection
	GlobalSection(ProjectConfigurationPlatforms) = postSolution
		{9F685246-E7D2-43D8-A76F-027787420687}.Debug|Any CPU.ActiveCfg = Debug|Any CPU
		{9F685246-E7D2-43D8-A76F-027787420687}.Debug|Any CPU.Build.0 = Debug|Any CPU
		{9F685246-E7D2-43D8-A76F-027787420687}.Release|Any CPU.ActiveCfg = Release|Any CPU
		{9F685246-E7D2-43D8-A76F-027787420687}.Release|Any CPU.Build.0 = Release|Any CPU
		{66D63608-084C-4169-A041-C08725A5ABA1}.Debug|Any CPU.ActiveCfg = Debug|Any CPU
		{66D63608-084C-4169-A041-C08725A5ABA1}.Debug|Any CPU.Build.0 = Debug|Any CPU
		{66D63608-084C-4169-A041-C08725A5ABA1}.Release|Any CPU.ActiveCfg = Release|Any CPU
		{66D63608-084C-4169-A041-C08725A5ABA1}.Release|Any CPU.Build.0 = Release|Any CPU
		{DA80ABB5-0A99-4DC1-B56F-DAF7018D3BC5}.Debug|Any CPU.ActiveCfg = Debug|Any CPU
		{DA80ABB5-0A99-4DC1-B56F-DAF7018D3BC5}.Debug|Any CPU.Build.0 = Debug|Any CPU
		{DA80ABB5-0A99-4DC1-B56F-DAF7018D3BC5}.Release|Any CPU.ActiveCfg = Release|Any CPU
		{DA80ABB5-0A99-4DC1-B56F-DAF7018D3BC5}.Release|Any CPU.Build.0 = Release|Any CPU
		{A4C5ABE0-66A7-401C-A05E-0D03E8805838}.Debug|Any CPU.ActiveCfg = Debug|Any CPU
		{A4C5ABE0-66A7-401C-A05E-0D03E8805838}.Debug|Any CPU.Build.0 = Debug|Any CPU
		{A4C5ABE0-66A7-401C-A05E-0D03E8805838}.Release|Any CPU.ActiveCfg = Release|Any CPU
		{A4C5ABE0-66A7-401C-A05E-0D03E8805838}.Release|Any CPU.Build.0 = Release|Any CPU
		{EC67B062-8ABC-4B40-94D1-097421B04CE4}.Debug|Any CPU.ActiveCfg = Debug|Any CPU
		{EC67B062-8ABC-4B40-94D1-097421B04CE4}.Debug|Any CPU.Build.0 = Debug|Any CPU
		{EC67B062-8ABC-4B40-94D1-097421B04CE4}.Release|Any CPU.ActiveCfg = Release|Any CPU
		{EC67B062-8ABC-4B40-94D1-097421B04CE4}.Release|Any CPU.Build.0 = Release|Any CPU
		{27403773-6935-4D02-A15D-3B8BF117D051}.Debug|Any CPU.ActiveCfg = Debug|Any CPU
		{27403773-6935-4D02-A15D-3B8BF117D051}.Debug|Any CPU.Build.0 = Debug|Any CPU
		{27403773-6935-4D02-A15D-3B8BF117D051}.Release|Any CPU.ActiveCfg = Release|Any CPU
		{27403773-6935-4D02-A15D-3B8BF117D051}.Release|Any CPU.Build.0 = Release|Any CPU
		{37C54F92-581C-4FDE-AE60-526CD01FD1FD}.Debug|Any CPU.ActiveCfg = Debug|Any CPU
		{37C54F92-581C-4FDE-AE60-526CD01FD1FD}.Debug|Any CPU.Build.0 = Debug|Any CPU
		{37C54F92-581C-4FDE-AE60-526CD01FD1FD}.Release|Any CPU.ActiveCfg = Release|Any CPU
		{37C54F92-581C-4FDE-AE60-526CD01FD1FD}.Release|Any CPU.Build.0 = Release|Any CPU
		{C5F9520D-8672-4213-969C-9502522DD191}.Debug|Any CPU.ActiveCfg = Debug|Any CPU
		{C5F9520D-8672-4213-969C-9502522DD191}.Debug|Any CPU.Build.0 = Debug|Any CPU
		{C5F9520D-8672-4213-969C-9502522DD191}.Release|Any CPU.ActiveCfg = Release|Any CPU
		{C5F9520D-8672-4213-969C-9502522DD191}.Release|Any CPU.Build.0 = Release|Any CPU
		{AC4D7CBB-0D87-4CD7-B642-65D2710E9E6F}.Debug|Any CPU.ActiveCfg = Debug|Any CPU
		{AC4D7CBB-0D87-4CD7-B642-65D2710E9E6F}.Debug|Any CPU.Build.0 = Debug|Any CPU
		{AC4D7CBB-0D87-4CD7-B642-65D2710E9E6F}.Release|Any CPU.ActiveCfg = Release|Any CPU
		{AC4D7CBB-0D87-4CD7-B642-65D2710E9E6F}.Release|Any CPU.Build.0 = Release|Any CPU
		{70F36221-8949-40EB-8996-4F7CA11CC007}.Debug|Any CPU.ActiveCfg = Debug|Any CPU
		{70F36221-8949-40EB-8996-4F7CA11CC007}.Debug|Any CPU.Build.0 = Debug|Any CPU
		{70F36221-8949-40EB-8996-4F7CA11CC007}.Release|Any CPU.ActiveCfg = Release|Any CPU
		{70F36221-8949-40EB-8996-4F7CA11CC007}.Release|Any CPU.Build.0 = Release|Any CPU
		{B22CCE01-30AD-4601-905F-F4B93E71C124}.Debug|Any CPU.ActiveCfg = Debug|Any CPU
		{B22CCE01-30AD-4601-905F-F4B93E71C124}.Debug|Any CPU.Build.0 = Debug|Any CPU
		{B22CCE01-30AD-4601-905F-F4B93E71C124}.Release|Any CPU.ActiveCfg = Release|Any CPU
		{B22CCE01-30AD-4601-905F-F4B93E71C124}.Release|Any CPU.Build.0 = Release|Any CPU
		{B8CC1EFF-50CB-441A-8027-3852EDA7DF8C}.Debug|Any CPU.ActiveCfg = Debug|Any CPU
		{B8CC1EFF-50CB-441A-8027-3852EDA7DF8C}.Debug|Any CPU.Build.0 = Debug|Any CPU
		{B8CC1EFF-50CB-441A-8027-3852EDA7DF8C}.Release|Any CPU.ActiveCfg = Release|Any CPU
		{B8CC1EFF-50CB-441A-8027-3852EDA7DF8C}.Release|Any CPU.Build.0 = Release|Any CPU
		{656D1A93-A92A-402E-9AF7-4AF4BE963958}.Debug|Any CPU.ActiveCfg = Debug|Any CPU
		{656D1A93-A92A-402E-9AF7-4AF4BE963958}.Debug|Any CPU.Build.0 = Debug|Any CPU
		{656D1A93-A92A-402E-9AF7-4AF4BE963958}.Release|Any CPU.ActiveCfg = Release|Any CPU
		{656D1A93-A92A-402E-9AF7-4AF4BE963958}.Release|Any CPU.Build.0 = Release|Any CPU
		{35D78ACD-3AA6-4593-AD64-5ABF3C3BB7B6}.Debug|Any CPU.ActiveCfg = Debug|Any CPU
		{35D78ACD-3AA6-4593-AD64-5ABF3C3BB7B6}.Debug|Any CPU.Build.0 = Debug|Any CPU
		{35D78ACD-3AA6-4593-AD64-5ABF3C3BB7B6}.Release|Any CPU.ActiveCfg = Release|Any CPU
		{35D78ACD-3AA6-4593-AD64-5ABF3C3BB7B6}.Release|Any CPU.Build.0 = Release|Any CPU
		{86BD250A-0144-4497-86A3-90BF8D4FE40D}.Debug|Any CPU.ActiveCfg = Debug|Any CPU
		{86BD250A-0144-4497-86A3-90BF8D4FE40D}.Debug|Any CPU.Build.0 = Debug|Any CPU
		{86BD250A-0144-4497-86A3-90BF8D4FE40D}.Release|Any CPU.ActiveCfg = Release|Any CPU
		{86BD250A-0144-4497-86A3-90BF8D4FE40D}.Release|Any CPU.Build.0 = Release|Any CPU
		{B5105E60-0C2B-494E-A7D0-8336572AB469}.Debug|Any CPU.ActiveCfg = Debug|Any CPU
		{B5105E60-0C2B-494E-A7D0-8336572AB469}.Debug|Any CPU.Build.0 = Debug|Any CPU
		{B5105E60-0C2B-494E-A7D0-8336572AB469}.Release|Any CPU.ActiveCfg = Release|Any CPU
		{B5105E60-0C2B-494E-A7D0-8336572AB469}.Release|Any CPU.Build.0 = Release|Any CPU
		{CC84F5C7-7CCA-4638-BD8B-4BBCC75AB9B1}.Debug|Any CPU.ActiveCfg = Debug|Any CPU
		{CC84F5C7-7CCA-4638-BD8B-4BBCC75AB9B1}.Debug|Any CPU.Build.0 = Debug|Any CPU
		{CC84F5C7-7CCA-4638-BD8B-4BBCC75AB9B1}.Release|Any CPU.ActiveCfg = Release|Any CPU
		{CC84F5C7-7CCA-4638-BD8B-4BBCC75AB9B1}.Release|Any CPU.Build.0 = Release|Any CPU
		{5D5EB908-B67B-4E7E-AF9E-25BDD03F543E}.Debug|Any CPU.ActiveCfg = Debug|Any CPU
		{5D5EB908-B67B-4E7E-AF9E-25BDD03F543E}.Debug|Any CPU.Build.0 = Debug|Any CPU
		{5D5EB908-B67B-4E7E-AF9E-25BDD03F543E}.Release|Any CPU.ActiveCfg = Release|Any CPU
		{5D5EB908-B67B-4E7E-AF9E-25BDD03F543E}.Release|Any CPU.Build.0 = Release|Any CPU
		{732189F6-7A48-4FF2-8705-B1CD80897B67}.Debug|Any CPU.ActiveCfg = Debug|Any CPU
		{732189F6-7A48-4FF2-8705-B1CD80897B67}.Debug|Any CPU.Build.0 = Debug|Any CPU
		{732189F6-7A48-4FF2-8705-B1CD80897B67}.Release|Any CPU.ActiveCfg = Release|Any CPU
		{732189F6-7A48-4FF2-8705-B1CD80897B67}.Release|Any CPU.Build.0 = Release|Any CPU
		{76BE15EE-931E-4BA9-9288-0825C3D37966}.Debug|Any CPU.ActiveCfg = Debug|Any CPU
		{76BE15EE-931E-4BA9-9288-0825C3D37966}.Debug|Any CPU.Build.0 = Debug|Any CPU
		{76BE15EE-931E-4BA9-9288-0825C3D37966}.Release|Any CPU.ActiveCfg = Release|Any CPU
		{76BE15EE-931E-4BA9-9288-0825C3D37966}.Release|Any CPU.Build.0 = Release|Any CPU
		{8392392F-97D1-4D87-A1FE-9B3BFEE2EFE4}.Debug|Any CPU.ActiveCfg = Debug|Any CPU
		{8392392F-97D1-4D87-A1FE-9B3BFEE2EFE4}.Debug|Any CPU.Build.0 = Debug|Any CPU
		{8392392F-97D1-4D87-A1FE-9B3BFEE2EFE4}.Release|Any CPU.ActiveCfg = Release|Any CPU
		{8392392F-97D1-4D87-A1FE-9B3BFEE2EFE4}.Release|Any CPU.Build.0 = Release|Any CPU
		{73481B73-4311-4A81-8827-CCAB7E2FD66A}.Debug|Any CPU.ActiveCfg = Debug|Any CPU
		{73481B73-4311-4A81-8827-CCAB7E2FD66A}.Debug|Any CPU.Build.0 = Debug|Any CPU
		{73481B73-4311-4A81-8827-CCAB7E2FD66A}.Release|Any CPU.ActiveCfg = Release|Any CPU
		{73481B73-4311-4A81-8827-CCAB7E2FD66A}.Release|Any CPU.Build.0 = Release|Any CPU
		{8179D686-0600-4728-BA2A-6674571B9F88}.Debug|Any CPU.ActiveCfg = Debug|Any CPU
		{8179D686-0600-4728-BA2A-6674571B9F88}.Debug|Any CPU.Build.0 = Debug|Any CPU
		{8179D686-0600-4728-BA2A-6674571B9F88}.Release|Any CPU.ActiveCfg = Release|Any CPU
		{8179D686-0600-4728-BA2A-6674571B9F88}.Release|Any CPU.Build.0 = Release|Any CPU
		{F1D4B6DF-3042-4E81-A296-6D16F3B51A6B}.Debug|Any CPU.ActiveCfg = Debug|Any CPU
		{F1D4B6DF-3042-4E81-A296-6D16F3B51A6B}.Debug|Any CPU.Build.0 = Debug|Any CPU
		{F1D4B6DF-3042-4E81-A296-6D16F3B51A6B}.Release|Any CPU.ActiveCfg = Release|Any CPU
		{F1D4B6DF-3042-4E81-A296-6D16F3B51A6B}.Release|Any CPU.Build.0 = Release|Any CPU
		{A9493E5F-301A-47DB-972C-F2F59E0C43BC}.Debug|Any CPU.ActiveCfg = Debug|Any CPU
		{A9493E5F-301A-47DB-972C-F2F59E0C43BC}.Debug|Any CPU.Build.0 = Debug|Any CPU
		{A9493E5F-301A-47DB-972C-F2F59E0C43BC}.Release|Any CPU.ActiveCfg = Release|Any CPU
		{A9493E5F-301A-47DB-972C-F2F59E0C43BC}.Release|Any CPU.Build.0 = Release|Any CPU
	EndGlobalSection
	GlobalSection(SolutionProperties) = preSolution
		HideSolutionNode = FALSE
	EndGlobalSection
	GlobalSection(NestedProjects) = preSolution
		{66B97C17-FCD0-4F8C-91C9-3EDB1BF2FF52} = {51508F17-9A04-4FA8-93DF-9563D8B746B1}
		{9F685246-E7D2-43D8-A76F-027787420687} = {2AC2DF61-A01C-457F-8544-151191EE6896}
		{66D63608-084C-4169-A041-C08725A5ABA1} = {2AC2DF61-A01C-457F-8544-151191EE6896}
		{DA80ABB5-0A99-4DC1-B56F-DAF7018D3BC5} = {C28C97C6-B7CA-45FA-9204-FDA7770C76EF}
		{A4C5ABE0-66A7-401C-A05E-0D03E8805838} = {C28C97C6-B7CA-45FA-9204-FDA7770C76EF}
		{EC67B062-8ABC-4B40-94D1-097421B04CE4} = {C28C97C6-B7CA-45FA-9204-FDA7770C76EF}
		{27403773-6935-4D02-A15D-3B8BF117D051} = {C28C97C6-B7CA-45FA-9204-FDA7770C76EF}
		{37C54F92-581C-4FDE-AE60-526CD01FD1FD} = {5EF1A7DA-8974-451A-8A3B-7239BD74E337}
		{C5F9520D-8672-4213-969C-9502522DD191} = {5EF1A7DA-8974-451A-8A3B-7239BD74E337}
		{AC4D7CBB-0D87-4CD7-B642-65D2710E9E6F} = {5EF1A7DA-8974-451A-8A3B-7239BD74E337}
		{70F36221-8949-40EB-8996-4F7CA11CC007} = {5EF1A7DA-8974-451A-8A3B-7239BD74E337}
		{B22CCE01-30AD-4601-905F-F4B93E71C124} = {5EF1A7DA-8974-451A-8A3B-7239BD74E337}
		{B8CC1EFF-50CB-441A-8027-3852EDA7DF8C} = {5EF1A7DA-8974-451A-8A3B-7239BD74E337}
		{656D1A93-A92A-402E-9AF7-4AF4BE963958} = {A492E7BB-B4F8-40FF-BB3D-6EED3AB4F148}
		{35D78ACD-3AA6-4593-AD64-5ABF3C3BB7B6} = {A492E7BB-B4F8-40FF-BB3D-6EED3AB4F148}
		{86BD250A-0144-4497-86A3-90BF8D4FE40D} = {A492E7BB-B4F8-40FF-BB3D-6EED3AB4F148}
		{B5105E60-0C2B-494E-A7D0-8336572AB469} = {A492E7BB-B4F8-40FF-BB3D-6EED3AB4F148}
		{CC84F5C7-7CCA-4638-BD8B-4BBCC75AB9B1} = {8D490096-8123-4D45-B75F-3B26FFD81FB8}
		{5D5EB908-B67B-4E7E-AF9E-25BDD03F543E} = {8D490096-8123-4D45-B75F-3B26FFD81FB8}
		{732189F6-7A48-4FF2-8705-B1CD80897B67} = {8164FDFB-8659-429C-B477-D7BA8FAAD1A4}
		{76BE15EE-931E-4BA9-9288-0825C3D37966} = {8164FDFB-8659-429C-B477-D7BA8FAAD1A4}
		{8392392F-97D1-4D87-A1FE-9B3BFEE2EFE4} = {8164FDFB-8659-429C-B477-D7BA8FAAD1A4}
		{73481B73-4311-4A81-8827-CCAB7E2FD66A} = {8164FDFB-8659-429C-B477-D7BA8FAAD1A4}
		{8179D686-0600-4728-BA2A-6674571B9F88} = {8164FDFB-8659-429C-B477-D7BA8FAAD1A4}
		{F1D4B6DF-3042-4E81-A296-6D16F3B51A6B} = {8164FDFB-8659-429C-B477-D7BA8FAAD1A4}
		{A9493E5F-301A-47DB-972C-F2F59E0C43BC} = {A780003F-1B17-4379-900F-CB1D14A03F5C}
	EndGlobalSection
EndGlobal
