
Microsoft Visual Studio Solution File, Format Version 12.00
# Visual Studio 2012
Project("{2150E333-8FDC-42A3-9474-1A3956D46DE8}") = "Service", "Service", "{B0CF9D5F-3830-440E-B516-78B2CF9113EF}"
EndProject
Project("{FAE04EC0-301F-11D3-BF4B-00C04F79EFBC}") = "Gravyframe.Service", "Gravyframe.Service\Gravyframe.Service.csproj", "{732189F6-7A48-4FF2-8705-B1CD80897B67}"
EndProject
Project("{FAE04EC0-301F-11D3-BF4B-00C04F79EFBC}") = "Gravyframe.Service.Tests", "Gravyframe.Service.Tests\Gravyframe.Service.Tests.csproj", "{F1D4B6DF-3042-4E81-A296-6D16F3B51A6B}"
EndProject
Project("{2150E333-8FDC-42A3-9474-1A3956D46DE8}") = "Data", "Data", "{1B002AE5-A482-4A96-B9B8-0D6E8009BE1A}"
EndProject
Project("{FAE04EC0-301F-11D3-BF4B-00C04F79EFBC}") = "Gravyframe.Data", "Gravyframe.Data\Gravyframe.Data.csproj", "{DA80ABB5-0A99-4DC1-B56F-DAF7018D3BC5}"
EndProject
Project("{2150E333-8FDC-42A3-9474-1A3956D46DE8}") = "Models", "Models", "{8E1763CC-5943-4001-AEF5-502A2141685C}"
EndProject
Project("{FAE04EC0-301F-11D3-BF4B-00C04F79EFBC}") = "Gravyframe.Models", "Gravyframe.Model\Gravyframe.Models.csproj", "{5D5EB908-B67B-4E7E-AF9E-25BDD03F543E}"
EndProject
Project("{2150E333-8FDC-42A3-9474-1A3956D46DE8}") = "Hosting", "Hosting", "{71546743-892B-4AB9-BC8A-B209795E51E3}"
EndProject
Project("{FAE04EC0-301F-11D3-BF4B-00C04F79EFBC}") = "Gravyframe.ServiceStack.Content", "Gravyframe.ServiceStack.Content\Gravyframe.ServiceStack.Content.csproj", "{E3203B24-AFEB-4D26-A140-B85858A82735}"
EndProject
Project("{FAE04EC0-301F-11D3-BF4B-00C04F79EFBC}") = "Gravyframe.Data.InMemory", "Gravyframe.Data.InMemory\Gravyframe.Data.InMemory.csproj", "{1DDD3B19-2D08-4D0B-9E67-0D82B1073C21}"
EndProject
Project("{2150E333-8FDC-42A3-9474-1A3956D46DE8}") = ".nuget", ".nuget", "{ACFAB51E-F02D-4080-AE4A-B657D417BAF2}"
	ProjectSection(SolutionItems) = preProject
		.nuget\NuGet.Config = .nuget\NuGet.Config
		.nuget\NuGet.exe = .nuget\NuGet.exe
		.nuget\NuGet.targets = .nuget\NuGet.targets
	EndProjectSection
EndProject
Project("{2150E333-8FDC-42A3-9474-1A3956D46DE8}") = "Kernel", "Kernel", "{5116D4AC-2EAC-4E12-9579-6D8EFE5F3DA7}"
EndProject
Project("{FAE04EC0-301F-11D3-BF4B-00C04F79EFBC}") = "Gravyframe.Kernel", "Gravyframe.Kernel\Gravyframe.Kernel.csproj", "{656D1A93-A92A-402E-9AF7-4AF4BE963958}"
EndProject
Project("{FAE04EC0-301F-11D3-BF4B-00C04F79EFBC}") = "Gravyframe.Kernel.Tests", "Gravyframe.Kernel.Tests\Gravyframe.Kernel.Tests.csproj", "{86BD250A-0144-4497-86A3-90BF8D4FE40D}"
EndProject
Project("{2150E333-8FDC-42A3-9474-1A3956D46DE8}") = "Constants", "Constants", "{22BD1D53-7363-4021-AA83-B610406660B8}"
EndProject
Project("{FAE04EC0-301F-11D3-BF4B-00C04F79EFBC}") = "Gravyframe.Constants", "Gravyframe.Constants\Gravyframe.Constants.csproj", "{9F685246-E7D2-43D8-A76F-027787420687}"
EndProject
Project("{FAE04EC0-301F-11D3-BF4B-00C04F79EFBC}") = "Gravyframe.Data.Tests", "Gravyframe.Data.Tests\Gravyframe.Data.Tests.csproj", "{EC67B062-8ABC-4B40-94D1-097421B04CE4}"
EndProject
Project("{FAE04EC0-301F-11D3-BF4B-00C04F79EFBC}") = "Gravyframe.Data.InMemory.Tests", "Gravyframe.Data.InMemory.Tests\Gravyframe.Data.InMemory.Tests.csproj", "{6026BB1F-D318-49B7-A07F-86788C4CD724}"
EndProject
Project("{FAE04EC0-301F-11D3-BF4B-00C04F79EFBC}") = "Gravyframe.Data.Umbraco", "Gravyframe.Data.Umbraco\Gravyframe.Data.Umbraco.csproj", "{A4C5ABE0-66A7-401C-A05E-0D03E8805838}"
EndProject
Project("{FAE04EC0-301F-11D3-BF4B-00C04F79EFBC}") = "Gravyframe.Data.Umbraco.Tests", "Gravyframe.Data.Umbraco.Tests\Gravyframe.Data.Umbraco.Tests.csproj", "{27403773-6935-4D02-A15D-3B8BF117D051}"
EndProject
Global
	GlobalSection(SolutionConfigurationPlatforms) = preSolution
		Debug|Any CPU = Debug|Any CPU
		Release|Any CPU = Release|Any CPU
	EndGlobalSection
	GlobalSection(ProjectConfigurationPlatforms) = postSolution
		{732189F6-7A48-4FF2-8705-B1CD80897B67}.Debug|Any CPU.ActiveCfg = Debug|Any CPU
		{732189F6-7A48-4FF2-8705-B1CD80897B67}.Debug|Any CPU.Build.0 = Debug|Any CPU
		{732189F6-7A48-4FF2-8705-B1CD80897B67}.Release|Any CPU.ActiveCfg = Release|Any CPU
		{732189F6-7A48-4FF2-8705-B1CD80897B67}.Release|Any CPU.Build.0 = Release|Any CPU
		{F1D4B6DF-3042-4E81-A296-6D16F3B51A6B}.Debug|Any CPU.ActiveCfg = Debug|Any CPU
		{F1D4B6DF-3042-4E81-A296-6D16F3B51A6B}.Debug|Any CPU.Build.0 = Debug|Any CPU
		{F1D4B6DF-3042-4E81-A296-6D16F3B51A6B}.Release|Any CPU.ActiveCfg = Release|Any CPU
		{F1D4B6DF-3042-4E81-A296-6D16F3B51A6B}.Release|Any CPU.Build.0 = Release|Any CPU
		{DA80ABB5-0A99-4DC1-B56F-DAF7018D3BC5}.Debug|Any CPU.ActiveCfg = Debug|Any CPU
		{DA80ABB5-0A99-4DC1-B56F-DAF7018D3BC5}.Debug|Any CPU.Build.0 = Debug|Any CPU
		{DA80ABB5-0A99-4DC1-B56F-DAF7018D3BC5}.Release|Any CPU.ActiveCfg = Release|Any CPU
		{DA80ABB5-0A99-4DC1-B56F-DAF7018D3BC5}.Release|Any CPU.Build.0 = Release|Any CPU
		{5D5EB908-B67B-4E7E-AF9E-25BDD03F543E}.Debug|Any CPU.ActiveCfg = Debug|Any CPU
		{5D5EB908-B67B-4E7E-AF9E-25BDD03F543E}.Debug|Any CPU.Build.0 = Debug|Any CPU
		{5D5EB908-B67B-4E7E-AF9E-25BDD03F543E}.Release|Any CPU.ActiveCfg = Release|Any CPU
		{5D5EB908-B67B-4E7E-AF9E-25BDD03F543E}.Release|Any CPU.Build.0 = Release|Any CPU
		{E3203B24-AFEB-4D26-A140-B85858A82735}.Debug|Any CPU.ActiveCfg = Debug|Any CPU
		{E3203B24-AFEB-4D26-A140-B85858A82735}.Debug|Any CPU.Build.0 = Debug|Any CPU
		{E3203B24-AFEB-4D26-A140-B85858A82735}.Release|Any CPU.ActiveCfg = Release|Any CPU
		{E3203B24-AFEB-4D26-A140-B85858A82735}.Release|Any CPU.Build.0 = Release|Any CPU
		{1DDD3B19-2D08-4D0B-9E67-0D82B1073C21}.Debug|Any CPU.ActiveCfg = Debug|Any CPU
		{1DDD3B19-2D08-4D0B-9E67-0D82B1073C21}.Debug|Any CPU.Build.0 = Debug|Any CPU
		{1DDD3B19-2D08-4D0B-9E67-0D82B1073C21}.Release|Any CPU.ActiveCfg = Release|Any CPU
		{1DDD3B19-2D08-4D0B-9E67-0D82B1073C21}.Release|Any CPU.Build.0 = Release|Any CPU
		{656D1A93-A92A-402E-9AF7-4AF4BE963958}.Debug|Any CPU.ActiveCfg = Debug|Any CPU
		{656D1A93-A92A-402E-9AF7-4AF4BE963958}.Debug|Any CPU.Build.0 = Debug|Any CPU
		{656D1A93-A92A-402E-9AF7-4AF4BE963958}.Release|Any CPU.ActiveCfg = Release|Any CPU
		{656D1A93-A92A-402E-9AF7-4AF4BE963958}.Release|Any CPU.Build.0 = Release|Any CPU
		{86BD250A-0144-4497-86A3-90BF8D4FE40D}.Debug|Any CPU.ActiveCfg = Debug|Any CPU
		{86BD250A-0144-4497-86A3-90BF8D4FE40D}.Debug|Any CPU.Build.0 = Debug|Any CPU
		{86BD250A-0144-4497-86A3-90BF8D4FE40D}.Release|Any CPU.ActiveCfg = Release|Any CPU
		{86BD250A-0144-4497-86A3-90BF8D4FE40D}.Release|Any CPU.Build.0 = Release|Any CPU
		{9F685246-E7D2-43D8-A76F-027787420687}.Debug|Any CPU.ActiveCfg = Debug|Any CPU
		{9F685246-E7D2-43D8-A76F-027787420687}.Debug|Any CPU.Build.0 = Debug|Any CPU
		{9F685246-E7D2-43D8-A76F-027787420687}.Release|Any CPU.ActiveCfg = Release|Any CPU
		{9F685246-E7D2-43D8-A76F-027787420687}.Release|Any CPU.Build.0 = Release|Any CPU
		{EC67B062-8ABC-4B40-94D1-097421B04CE4}.Debug|Any CPU.ActiveCfg = Debug|Any CPU
		{EC67B062-8ABC-4B40-94D1-097421B04CE4}.Debug|Any CPU.Build.0 = Debug|Any CPU
		{EC67B062-8ABC-4B40-94D1-097421B04CE4}.Release|Any CPU.ActiveCfg = Release|Any CPU
		{EC67B062-8ABC-4B40-94D1-097421B04CE4}.Release|Any CPU.Build.0 = Release|Any CPU
		{6026BB1F-D318-49B7-A07F-86788C4CD724}.Debug|Any CPU.ActiveCfg = Debug|Any CPU
		{6026BB1F-D318-49B7-A07F-86788C4CD724}.Debug|Any CPU.Build.0 = Debug|Any CPU
		{6026BB1F-D318-49B7-A07F-86788C4CD724}.Release|Any CPU.ActiveCfg = Release|Any CPU
		{6026BB1F-D318-49B7-A07F-86788C4CD724}.Release|Any CPU.Build.0 = Release|Any CPU
		{A4C5ABE0-66A7-401C-A05E-0D03E8805838}.Debug|Any CPU.ActiveCfg = Debug|Any CPU
		{A4C5ABE0-66A7-401C-A05E-0D03E8805838}.Debug|Any CPU.Build.0 = Debug|Any CPU
		{A4C5ABE0-66A7-401C-A05E-0D03E8805838}.Release|Any CPU.ActiveCfg = Release|Any CPU
		{A4C5ABE0-66A7-401C-A05E-0D03E8805838}.Release|Any CPU.Build.0 = Release|Any CPU
		{27403773-6935-4D02-A15D-3B8BF117D051}.Debug|Any CPU.ActiveCfg = Debug|Any CPU
		{27403773-6935-4D02-A15D-3B8BF117D051}.Debug|Any CPU.Build.0 = Debug|Any CPU
		{27403773-6935-4D02-A15D-3B8BF117D051}.Release|Any CPU.ActiveCfg = Release|Any CPU
		{27403773-6935-4D02-A15D-3B8BF117D051}.Release|Any CPU.Build.0 = Release|Any CPU
	EndGlobalSection
	GlobalSection(SolutionProperties) = preSolution
		HideSolutionNode = FALSE
	EndGlobalSection
	GlobalSection(NestedProjects) = preSolution
		{732189F6-7A48-4FF2-8705-B1CD80897B67} = {B0CF9D5F-3830-440E-B516-78B2CF9113EF}
		{F1D4B6DF-3042-4E81-A296-6D16F3B51A6B} = {B0CF9D5F-3830-440E-B516-78B2CF9113EF}
		{DA80ABB5-0A99-4DC1-B56F-DAF7018D3BC5} = {1B002AE5-A482-4A96-B9B8-0D6E8009BE1A}
		{1DDD3B19-2D08-4D0B-9E67-0D82B1073C21} = {1B002AE5-A482-4A96-B9B8-0D6E8009BE1A}
		{EC67B062-8ABC-4B40-94D1-097421B04CE4} = {1B002AE5-A482-4A96-B9B8-0D6E8009BE1A}
		{6026BB1F-D318-49B7-A07F-86788C4CD724} = {1B002AE5-A482-4A96-B9B8-0D6E8009BE1A}
		{A4C5ABE0-66A7-401C-A05E-0D03E8805838} = {1B002AE5-A482-4A96-B9B8-0D6E8009BE1A}
		{27403773-6935-4D02-A15D-3B8BF117D051} = {1B002AE5-A482-4A96-B9B8-0D6E8009BE1A}
		{5D5EB908-B67B-4E7E-AF9E-25BDD03F543E} = {8E1763CC-5943-4001-AEF5-502A2141685C}
		{E3203B24-AFEB-4D26-A140-B85858A82735} = {71546743-892B-4AB9-BC8A-B209795E51E3}
		{656D1A93-A92A-402E-9AF7-4AF4BE963958} = {5116D4AC-2EAC-4E12-9579-6D8EFE5F3DA7}
		{86BD250A-0144-4497-86A3-90BF8D4FE40D} = {5116D4AC-2EAC-4E12-9579-6D8EFE5F3DA7}
		{9F685246-E7D2-43D8-A76F-027787420687} = {22BD1D53-7363-4021-AA83-B610406660B8}
	EndGlobalSection
EndGlobal
