
Microsoft Visual Studio Solution File, Format Version 12.00
# Visual Studio 2012
Project("{2150E333-8FDC-42A3-9474-1A3956D46DE8}") = "Service", "Service", "{B0CF9D5F-3830-440E-B516-78B2CF9113EF}"
EndProject
Project("{FAE04EC0-301F-11D3-BF4B-00C04F79EFBC}") = "Gravyframe.Service", "Gravyframe.Service\Gravyframe.Service.csproj", "{732189F6-7A48-4FF2-8705-B1CD80897B67}"
EndProject
Project("{FAE04EC0-301F-11D3-BF4B-00C04F79EFBC}") = "Gravyframe.Service.Tests", "Tests\Gravyframe.Service.Tests\Gravyframe.Service.Tests.csproj", "{F1D4B6DF-3042-4E81-A296-6D16F3B51A6B}"
EndProject
Project("{2150E333-8FDC-42A3-9474-1A3956D46DE8}") = "Data", "Data", "{1B002AE5-A482-4A96-B9B8-0D6E8009BE1A}"
EndProject
Project("{FAE04EC0-301F-11D3-BF4B-00C04F79EFBC}") = "Gravyframe.Data", "Gravyframe.Data\Gravyframe.Data.csproj", "{DA80ABB5-0A99-4DC1-B56F-DAF7018D3BC5}"
EndProject
Project("{2150E333-8FDC-42A3-9474-1A3956D46DE8}") = "Models", "Models", "{8E1763CC-5943-4001-AEF5-502A2141685C}"
EndProject
Project("{FAE04EC0-301F-11D3-BF4B-00C04F79EFBC}") = "Gravyframe.Models", "Gravyframe.Model\Gravyframe.Models.csproj", "{5D5EB908-B67B-4E7E-AF9E-25BDD03F543E}"
EndProject
Project("{2150E333-8FDC-42A3-9474-1A3956D46DE8}") = "Hosting", "Hosting", "{71546743-892B-4AB9-BC8A-B209795E51E3}"
EndProject
Project("{FAE04EC0-301F-11D3-BF4B-00C04F79EFBC}") = "Gravyframe.Data.InMemory", "Gravyframe.Data.InMemory\Gravyframe.Data.InMemory.csproj", "{1DDD3B19-2D08-4D0B-9E67-0D82B1073C21}"
EndProject
Project("{2150E333-8FDC-42A3-9474-1A3956D46DE8}") = ".nuget", ".nuget", "{ACFAB51E-F02D-4080-AE4A-B657D417BAF2}"
	ProjectSection(SolutionItems) = preProject
		.nuget\NuGet.Config = .nuget\NuGet.Config
		.nuget\NuGet.exe = .nuget\NuGet.exe
		.nuget\NuGet.targets = .nuget\NuGet.targets
	EndProjectSection
EndProject
Project("{2150E333-8FDC-42A3-9474-1A3956D46DE8}") = "Kernel", "Kernel", "{5116D4AC-2EAC-4E12-9579-6D8EFE5F3DA7}"
EndProject
Project("{FAE04EC0-301F-11D3-BF4B-00C04F79EFBC}") = "Gravyframe.Kernel", "Gravyframe.Kernel\Gravyframe.Kernel.csproj", "{656D1A93-A92A-402E-9AF7-4AF4BE963958}"
EndProject
Project("{FAE04EC0-301F-11D3-BF4B-00C04F79EFBC}") = "Gravyframe.Kernel.Tests", "Tests\Gravyframe.Kernel.Tests\Gravyframe.Kernel.Tests.csproj", "{86BD250A-0144-4497-86A3-90BF8D4FE40D}"
EndProject
Project("{2150E333-8FDC-42A3-9474-1A3956D46DE8}") = "Configuration", "Configuration", "{22BD1D53-7363-4021-AA83-B610406660B8}"
EndProject
Project("{FAE04EC0-301F-11D3-BF4B-00C04F79EFBC}") = "Gravyframe.Configuration", "Gravyframe.Constants\Gravyframe.Configuration.csproj", "{9F685246-E7D2-43D8-A76F-027787420687}"
EndProject
Project("{FAE04EC0-301F-11D3-BF4B-00C04F79EFBC}") = "Gravyframe.Data.Tests", "Tests\Gravyframe.Data.Tests\Gravyframe.Data.Tests.csproj", "{EC67B062-8ABC-4B40-94D1-097421B04CE4}"
EndProject
Project("{FAE04EC0-301F-11D3-BF4B-00C04F79EFBC}") = "Gravyframe.Data.InMemory.Tests", "Tests\Gravyframe.Data.InMemory.Tests\Gravyframe.Data.InMemory.Tests.csproj", "{6026BB1F-D318-49B7-A07F-86788C4CD724}"
EndProject
Project("{FAE04EC0-301F-11D3-BF4B-00C04F79EFBC}") = "Gravyframe.Data.Umbraco.Tests", "Tests\Gravyframe.Data.Umbraco.Tests\Gravyframe.Data.Umbraco.Tests.csproj", "{27403773-6935-4D02-A15D-3B8BF117D051}"
EndProject
Project("{FAE04EC0-301F-11D3-BF4B-00C04F79EFBC}") = "Gravyframe.Kernel.Umbraco", "Gravyframe.Kernel.Umbraco\Gravyframe.Kernel.Umbraco.csproj", "{35D78ACD-3AA6-4593-AD64-5ABF3C3BB7B6}"
EndProject
Project("{FAE04EC0-301F-11D3-BF4B-00C04F79EFBC}") = "Gravyframe.Kernel.Umbraco.Tests", "Tests\Gravyframe.Kernel.Umbraco.Tests\Gravyframe.Kernel.Umbraco.Tests.csproj", "{B5105E60-0C2B-494E-A7D0-8336572AB469}"
EndProject
Project("{FAE04EC0-301F-11D3-BF4B-00C04F79EFBC}") = "Gravyframe.Models.Umbraco", "Gravyframe.Models.Umbraco\Gravyframe.Models.Umbraco.csproj", "{CC84F5C7-7CCA-4638-BD8B-4BBCC75AB9B1}"
EndProject
Project("{FAE04EC0-301F-11D3-BF4B-00C04F79EFBC}") = "Gravyframe.Data.Umbraco", "Gravyframe.Data.Umbraco\Gravyframe.Data.Umbraco.csproj", "{A4C5ABE0-66A7-401C-A05E-0D03E8805838}"
EndProject
Project("{FAE04EC0-301F-11D3-BF4B-00C04F79EFBC}") = "Gravyframe.Configuration.Umbraco", "Gravyframe.Constants.Umbraco\Gravyframe.Configuration.Umbraco.csproj", "{66D63608-084C-4169-A041-C08725A5ABA1}"
EndProject
Project("{FAE04EC0-301F-11D3-BF4B-00C04F79EFBC}") = "Gravyframe.ServiceStack.Umbraco", "Gravyframe.ServiceStack.Umbraco\Gravyframe.ServiceStack.Umbraco.csproj", "{70F36221-8949-40EB-8996-4F7CA11CC007}"
EndProject
Project("{FAE04EC0-301F-11D3-BF4B-00C04F79EFBC}") = "Gravyframe.ServiceStack.Umbraco.Tests", "Tests\Gravyframe.ServiceStack.Umbraco.Tests\Gravyframe.ServiceStack.Umbraco.Tests.csproj", "{16D84073-7F6B-43E5-A1EF-FFBE3201865F}"
EndProject
Project("{FAE04EC0-301F-11D3-BF4B-00C04F79EFBC}") = "Gravyframe.ServiceStack", "Gravyframe.ServiceStack\Gravyframe.ServiceStack.csproj", "{AC4D7CBB-0D87-4CD7-B642-65D2710E9E6F}"
EndProject
Project("{FAE04EC0-301F-11D3-BF4B-00C04F79EFBC}") = "Gravyframe.ServiceStack.Tests", "Tests\Gravyframe.ServiceStack.Tests\Gravyframe.ServiceStack.Tests.csproj", "{37C54F92-581C-4FDE-AE60-526CD01FD1FD}"
EndProject
Project("{FAE04EC0-301F-11D3-BF4B-00C04F79EFBC}") = "Gravyframe.ServiceStack.InMemory", "Gravyframe.ServiceStack.InMemory\Gravyframe.ServiceStack.InMemory.csproj", "{E3203B24-AFEB-4D26-A140-B85858A82735}"
EndProject
Project("{2150E333-8FDC-42A3-9474-1A3956D46DE8}") = "Ui", "Ui", "{F0169234-827F-4E0A-B58D-1EACFD86FFA8}"
EndProject
Project("{2150E333-8FDC-42A3-9474-1A3956D46DE8}") = ".git", ".git", "{1F8D193C-3335-48EC-B996-FC4200BA0204}"
	ProjectSection(SolutionItems) = preProject
		..\.gitignore = ..\.gitignore
		..\LICENSE = ..\LICENSE
	EndProjectSection
EndProject
Project("{FAE04EC0-301F-11D3-BF4B-00C04F79EFBC}") = "Gravyframe.UI.CMS.Umbraco", "Gravyframe.UI.CMS.Umbraco\Gravyframe.UI.CMS.Umbraco.csproj", "{A9493E5F-301A-47DB-972C-F2F59E0C43BC}"
EndProject
Project("{2150E333-8FDC-42A3-9474-1A3956D46DE8}") = ".stylecop", ".stylecop", "{78BA59E6-45BF-4B0E-A86D-01D1259E1F02}"
	ProjectSection(SolutionItems) = preProject
		Settings.StyleCop = Settings.StyleCop
	EndProjectSection
EndProject
Project("{2150E333-8FDC-42A3-9474-1A3956D46DE8}") = "Tests", "Tests", "{D93B9B9B-9D3E-457E-B23F-81CDD31DCD43}"
	ProjectSection(SolutionItems) = preProject
		Settings.StyleCop = Settings.StyleCop
	EndProjectSection
EndProject
Project("{FAE04EC0-301F-11D3-BF4B-00C04F79EFBC}") = "Gravyframe.Service.News", "Gravyframe.Service.News\Gravyframe.Service.News.csproj", "{8392392F-97D1-4D87-A1FE-9B3BFEE2EFE4}"
EndProject
Project("{FAE04EC0-301F-11D3-BF4B-00C04F79EFBC}") = "Gravyframe.Service.News.Tests", "Tests\Gravyframe.Service.News.Tests\Gravyframe.Service.News.Tests.csproj", "{8179D686-0600-4728-BA2A-6674571B9F88}"
EndProject
Project("{FAE04EC0-301F-11D3-BF4B-00C04F79EFBC}") = "Gravyframe.Service.Content", "Gravyframe.Service.Content\Gravyframe.Service.Content.csproj", "{76BE15EE-931E-4BA9-9288-0825C3D37966}"
EndProject
Project("{FAE04EC0-301F-11D3-BF4B-00C04F79EFBC}") = "Gravyframe.Service.Content.Tests", "Tests\Gravyframe.Service.Content.Tests\Gravyframe.Service.Content.Tests.csproj", "{73481B73-4311-4A81-8827-CCAB7E2FD66A}"
EndProject
Project("{FAE04EC0-301F-11D3-BF4B-00C04F79EFBC}") = "Gravyframe.ServiceStack.News.Umbraco", "Gravyframe.ServiceStack.Umbraco.News\Gravyframe.ServiceStack.News.Umbraco.csproj", "{B8CC1EFF-50CB-441A-8027-3852EDA7DF8C}"
EndProject
Project("{FAE04EC0-301F-11D3-BF4B-00C04F79EFBC}") = "Gravyframe.ServiceStack.Content.Umbraco", "Gravyframe.ServiceStack.Umbraco.Content\Gravyframe.ServiceStack.Content.Umbraco.csproj", "{B22CCE01-30AD-4601-905F-F4B93E71C124}"
EndProject
Project("{FAE04EC0-301F-11D3-BF4B-00C04F79EFBC}") = "Gravyframe.ServiceStack.News", "Gravyframe.ServiceStack.News\Gravyframe.ServiceStack.News.csproj", "{C5F9520D-8672-4213-969C-9502522DD191}"
EndProject
Project("{FAE04EC0-301F-11D3-BF4B-00C04F79EFBC}") = "Gravyframe.UI.CMS.Sitefinity", "Gravyframe.UI.CMS.Sitefinity\Gravyframe.UI.CMS.Sitefinity.csproj", "{3E598CFC-83B2-494A-A97F-32EB24D797C6}"
EndProject
Project("{FAE04EC0-301F-11D3-BF4B-00C04F79EFBC}") = "Gravyframe.Data.Sitefinity", "Gravyframe.Data.Sitefinity\Gravyframe.Data.Sitefinity.csproj", "{79A1EDA0-6B67-4963-9172-2CA041FBD3BE}"
EndProject
Project("{FAE04EC0-301F-11D3-BF4B-00C04F79EFBC}") = "Gravyframe.Data.Sitefinity.Tests", "Tests\Gravyframe.Data.Sitefinity.Tests\Gravyframe.Data.Sitefinity.Tests.csproj", "{4DC8FFAE-432A-49E9-933F-CE4739740245}"
EndProject
Project("{FAE04EC0-301F-11D3-BF4B-00C04F79EFBC}") = "Gravyframe.Models.Sitefinity", "Gravyframe.Models.Sitefinity\Gravyframe.Models.Sitefinity.csproj", "{4CB7478F-4ADF-4423-AA7A-C0AFCDEE774F}"
EndProject
Global
	GlobalSection(SolutionConfigurationPlatforms) = preSolution
		Debug|Any CPU = Debug|Any CPU
		Release Pro|Any CPU = Release Pro|Any CPU
		Release|Any CPU = Release|Any CPU
	EndGlobalSection
	GlobalSection(ProjectConfigurationPlatforms) = postSolution
		{732189F6-7A48-4FF2-8705-B1CD80897B67}.Debug|Any CPU.ActiveCfg = Debug|Any CPU
		{732189F6-7A48-4FF2-8705-B1CD80897B67}.Debug|Any CPU.Build.0 = Debug|Any CPU
		{732189F6-7A48-4FF2-8705-B1CD80897B67}.Release Pro|Any CPU.ActiveCfg = Release|Any CPU
		{732189F6-7A48-4FF2-8705-B1CD80897B67}.Release Pro|Any CPU.Build.0 = Release|Any CPU
		{732189F6-7A48-4FF2-8705-B1CD80897B67}.Release|Any CPU.ActiveCfg = Release|Any CPU
		{732189F6-7A48-4FF2-8705-B1CD80897B67}.Release|Any CPU.Build.0 = Release|Any CPU
		{F1D4B6DF-3042-4E81-A296-6D16F3B51A6B}.Debug|Any CPU.ActiveCfg = Debug|Any CPU
		{F1D4B6DF-3042-4E81-A296-6D16F3B51A6B}.Debug|Any CPU.Build.0 = Debug|Any CPU
		{F1D4B6DF-3042-4E81-A296-6D16F3B51A6B}.Release Pro|Any CPU.ActiveCfg = Release|Any CPU
		{F1D4B6DF-3042-4E81-A296-6D16F3B51A6B}.Release Pro|Any CPU.Build.0 = Release|Any CPU
		{F1D4B6DF-3042-4E81-A296-6D16F3B51A6B}.Release|Any CPU.ActiveCfg = Release|Any CPU
		{F1D4B6DF-3042-4E81-A296-6D16F3B51A6B}.Release|Any CPU.Build.0 = Release|Any CPU
		{DA80ABB5-0A99-4DC1-B56F-DAF7018D3BC5}.Debug|Any CPU.ActiveCfg = Debug|Any CPU
		{DA80ABB5-0A99-4DC1-B56F-DAF7018D3BC5}.Debug|Any CPU.Build.0 = Debug|Any CPU
		{DA80ABB5-0A99-4DC1-B56F-DAF7018D3BC5}.Release Pro|Any CPU.ActiveCfg = Release|Any CPU
		{DA80ABB5-0A99-4DC1-B56F-DAF7018D3BC5}.Release Pro|Any CPU.Build.0 = Release|Any CPU
		{DA80ABB5-0A99-4DC1-B56F-DAF7018D3BC5}.Release|Any CPU.ActiveCfg = Release|Any CPU
		{DA80ABB5-0A99-4DC1-B56F-DAF7018D3BC5}.Release|Any CPU.Build.0 = Release|Any CPU
		{5D5EB908-B67B-4E7E-AF9E-25BDD03F543E}.Debug|Any CPU.ActiveCfg = Debug|Any CPU
		{5D5EB908-B67B-4E7E-AF9E-25BDD03F543E}.Debug|Any CPU.Build.0 = Debug|Any CPU
		{5D5EB908-B67B-4E7E-AF9E-25BDD03F543E}.Release Pro|Any CPU.ActiveCfg = Release|Any CPU
		{5D5EB908-B67B-4E7E-AF9E-25BDD03F543E}.Release Pro|Any CPU.Build.0 = Release|Any CPU
		{5D5EB908-B67B-4E7E-AF9E-25BDD03F543E}.Release|Any CPU.ActiveCfg = Release|Any CPU
		{5D5EB908-B67B-4E7E-AF9E-25BDD03F543E}.Release|Any CPU.Build.0 = Release|Any CPU
		{1DDD3B19-2D08-4D0B-9E67-0D82B1073C21}.Debug|Any CPU.ActiveCfg = Debug|Any CPU
		{1DDD3B19-2D08-4D0B-9E67-0D82B1073C21}.Debug|Any CPU.Build.0 = Debug|Any CPU
		{1DDD3B19-2D08-4D0B-9E67-0D82B1073C21}.Release Pro|Any CPU.ActiveCfg = Release|Any CPU
		{1DDD3B19-2D08-4D0B-9E67-0D82B1073C21}.Release Pro|Any CPU.Build.0 = Release|Any CPU
		{1DDD3B19-2D08-4D0B-9E67-0D82B1073C21}.Release|Any CPU.ActiveCfg = Release|Any CPU
		{1DDD3B19-2D08-4D0B-9E67-0D82B1073C21}.Release|Any CPU.Build.0 = Release|Any CPU
		{656D1A93-A92A-402E-9AF7-4AF4BE963958}.Debug|Any CPU.ActiveCfg = Debug|Any CPU
		{656D1A93-A92A-402E-9AF7-4AF4BE963958}.Debug|Any CPU.Build.0 = Debug|Any CPU
		{656D1A93-A92A-402E-9AF7-4AF4BE963958}.Release Pro|Any CPU.ActiveCfg = Release|Any CPU
		{656D1A93-A92A-402E-9AF7-4AF4BE963958}.Release Pro|Any CPU.Build.0 = Release|Any CPU
		{656D1A93-A92A-402E-9AF7-4AF4BE963958}.Release|Any CPU.ActiveCfg = Release|Any CPU
		{656D1A93-A92A-402E-9AF7-4AF4BE963958}.Release|Any CPU.Build.0 = Release|Any CPU
		{86BD250A-0144-4497-86A3-90BF8D4FE40D}.Debug|Any CPU.ActiveCfg = Debug|Any CPU
		{86BD250A-0144-4497-86A3-90BF8D4FE40D}.Debug|Any CPU.Build.0 = Debug|Any CPU
		{86BD250A-0144-4497-86A3-90BF8D4FE40D}.Release Pro|Any CPU.ActiveCfg = Release|Any CPU
		{86BD250A-0144-4497-86A3-90BF8D4FE40D}.Release Pro|Any CPU.Build.0 = Release|Any CPU
		{86BD250A-0144-4497-86A3-90BF8D4FE40D}.Release|Any CPU.ActiveCfg = Release|Any CPU
		{86BD250A-0144-4497-86A3-90BF8D4FE40D}.Release|Any CPU.Build.0 = Release|Any CPU
		{9F685246-E7D2-43D8-A76F-027787420687}.Debug|Any CPU.ActiveCfg = Debug|Any CPU
		{9F685246-E7D2-43D8-A76F-027787420687}.Debug|Any CPU.Build.0 = Debug|Any CPU
		{9F685246-E7D2-43D8-A76F-027787420687}.Release Pro|Any CPU.ActiveCfg = Release|Any CPU
		{9F685246-E7D2-43D8-A76F-027787420687}.Release Pro|Any CPU.Build.0 = Release|Any CPU
		{9F685246-E7D2-43D8-A76F-027787420687}.Release|Any CPU.ActiveCfg = Release|Any CPU
		{9F685246-E7D2-43D8-A76F-027787420687}.Release|Any CPU.Build.0 = Release|Any CPU
		{EC67B062-8ABC-4B40-94D1-097421B04CE4}.Debug|Any CPU.ActiveCfg = Debug|Any CPU
		{EC67B062-8ABC-4B40-94D1-097421B04CE4}.Debug|Any CPU.Build.0 = Debug|Any CPU
		{EC67B062-8ABC-4B40-94D1-097421B04CE4}.Release Pro|Any CPU.ActiveCfg = Release|Any CPU
		{EC67B062-8ABC-4B40-94D1-097421B04CE4}.Release Pro|Any CPU.Build.0 = Release|Any CPU
		{EC67B062-8ABC-4B40-94D1-097421B04CE4}.Release|Any CPU.ActiveCfg = Release|Any CPU
		{EC67B062-8ABC-4B40-94D1-097421B04CE4}.Release|Any CPU.Build.0 = Release|Any CPU
		{6026BB1F-D318-49B7-A07F-86788C4CD724}.Debug|Any CPU.ActiveCfg = Debug|Any CPU
		{6026BB1F-D318-49B7-A07F-86788C4CD724}.Debug|Any CPU.Build.0 = Debug|Any CPU
		{6026BB1F-D318-49B7-A07F-86788C4CD724}.Release Pro|Any CPU.ActiveCfg = Release|Any CPU
		{6026BB1F-D318-49B7-A07F-86788C4CD724}.Release Pro|Any CPU.Build.0 = Release|Any CPU
		{6026BB1F-D318-49B7-A07F-86788C4CD724}.Release|Any CPU.ActiveCfg = Release|Any CPU
		{6026BB1F-D318-49B7-A07F-86788C4CD724}.Release|Any CPU.Build.0 = Release|Any CPU
		{27403773-6935-4D02-A15D-3B8BF117D051}.Debug|Any CPU.ActiveCfg = Debug|Any CPU
		{27403773-6935-4D02-A15D-3B8BF117D051}.Debug|Any CPU.Build.0 = Debug|Any CPU
		{27403773-6935-4D02-A15D-3B8BF117D051}.Release Pro|Any CPU.ActiveCfg = Release|Any CPU
		{27403773-6935-4D02-A15D-3B8BF117D051}.Release Pro|Any CPU.Build.0 = Release|Any CPU
		{27403773-6935-4D02-A15D-3B8BF117D051}.Release|Any CPU.ActiveCfg = Release|Any CPU
		{27403773-6935-4D02-A15D-3B8BF117D051}.Release|Any CPU.Build.0 = Release|Any CPU
		{35D78ACD-3AA6-4593-AD64-5ABF3C3BB7B6}.Debug|Any CPU.ActiveCfg = Debug|Any CPU
		{35D78ACD-3AA6-4593-AD64-5ABF3C3BB7B6}.Debug|Any CPU.Build.0 = Debug|Any CPU
		{35D78ACD-3AA6-4593-AD64-5ABF3C3BB7B6}.Release Pro|Any CPU.ActiveCfg = Release|Any CPU
		{35D78ACD-3AA6-4593-AD64-5ABF3C3BB7B6}.Release Pro|Any CPU.Build.0 = Release|Any CPU
		{35D78ACD-3AA6-4593-AD64-5ABF3C3BB7B6}.Release|Any CPU.ActiveCfg = Release|Any CPU
		{35D78ACD-3AA6-4593-AD64-5ABF3C3BB7B6}.Release|Any CPU.Build.0 = Release|Any CPU
		{B5105E60-0C2B-494E-A7D0-8336572AB469}.Debug|Any CPU.ActiveCfg = Debug|Any CPU
		{B5105E60-0C2B-494E-A7D0-8336572AB469}.Debug|Any CPU.Build.0 = Debug|Any CPU
		{B5105E60-0C2B-494E-A7D0-8336572AB469}.Release Pro|Any CPU.ActiveCfg = Release|Any CPU
		{B5105E60-0C2B-494E-A7D0-8336572AB469}.Release Pro|Any CPU.Build.0 = Release|Any CPU
		{B5105E60-0C2B-494E-A7D0-8336572AB469}.Release|Any CPU.ActiveCfg = Release|Any CPU
		{B5105E60-0C2B-494E-A7D0-8336572AB469}.Release|Any CPU.Build.0 = Release|Any CPU
		{CC84F5C7-7CCA-4638-BD8B-4BBCC75AB9B1}.Debug|Any CPU.ActiveCfg = Debug|Any CPU
		{CC84F5C7-7CCA-4638-BD8B-4BBCC75AB9B1}.Debug|Any CPU.Build.0 = Debug|Any CPU
		{CC84F5C7-7CCA-4638-BD8B-4BBCC75AB9B1}.Release Pro|Any CPU.ActiveCfg = Release|Any CPU
		{CC84F5C7-7CCA-4638-BD8B-4BBCC75AB9B1}.Release Pro|Any CPU.Build.0 = Release|Any CPU
		{CC84F5C7-7CCA-4638-BD8B-4BBCC75AB9B1}.Release|Any CPU.ActiveCfg = Release|Any CPU
		{CC84F5C7-7CCA-4638-BD8B-4BBCC75AB9B1}.Release|Any CPU.Build.0 = Release|Any CPU
		{A4C5ABE0-66A7-401C-A05E-0D03E8805838}.Debug|Any CPU.ActiveCfg = Debug|Any CPU
		{A4C5ABE0-66A7-401C-A05E-0D03E8805838}.Debug|Any CPU.Build.0 = Debug|Any CPU
		{A4C5ABE0-66A7-401C-A05E-0D03E8805838}.Release Pro|Any CPU.ActiveCfg = Release|Any CPU
		{A4C5ABE0-66A7-401C-A05E-0D03E8805838}.Release Pro|Any CPU.Build.0 = Release|Any CPU
		{A4C5ABE0-66A7-401C-A05E-0D03E8805838}.Release|Any CPU.ActiveCfg = Release|Any CPU
		{A4C5ABE0-66A7-401C-A05E-0D03E8805838}.Release|Any CPU.Build.0 = Release|Any CPU
		{66D63608-084C-4169-A041-C08725A5ABA1}.Debug|Any CPU.ActiveCfg = Debug|Any CPU
		{66D63608-084C-4169-A041-C08725A5ABA1}.Debug|Any CPU.Build.0 = Debug|Any CPU
		{66D63608-084C-4169-A041-C08725A5ABA1}.Release Pro|Any CPU.ActiveCfg = Release|Any CPU
		{66D63608-084C-4169-A041-C08725A5ABA1}.Release Pro|Any CPU.Build.0 = Release|Any CPU
		{66D63608-084C-4169-A041-C08725A5ABA1}.Release|Any CPU.ActiveCfg = Release|Any CPU
		{66D63608-084C-4169-A041-C08725A5ABA1}.Release|Any CPU.Build.0 = Release|Any CPU
		{70F36221-8949-40EB-8996-4F7CA11CC007}.Debug|Any CPU.ActiveCfg = Debug|Any CPU
		{70F36221-8949-40EB-8996-4F7CA11CC007}.Debug|Any CPU.Build.0 = Debug|Any CPU
		{70F36221-8949-40EB-8996-4F7CA11CC007}.Release Pro|Any CPU.ActiveCfg = Release|Any CPU
		{70F36221-8949-40EB-8996-4F7CA11CC007}.Release Pro|Any CPU.Build.0 = Release|Any CPU
		{70F36221-8949-40EB-8996-4F7CA11CC007}.Release|Any CPU.ActiveCfg = Release|Any CPU
		{70F36221-8949-40EB-8996-4F7CA11CC007}.Release|Any CPU.Build.0 = Release|Any CPU
		{16D84073-7F6B-43E5-A1EF-FFBE3201865F}.Debug|Any CPU.ActiveCfg = Debug|Any CPU
		{16D84073-7F6B-43E5-A1EF-FFBE3201865F}.Debug|Any CPU.Build.0 = Debug|Any CPU
		{16D84073-7F6B-43E5-A1EF-FFBE3201865F}.Release Pro|Any CPU.ActiveCfg = Release|Any CPU
		{16D84073-7F6B-43E5-A1EF-FFBE3201865F}.Release Pro|Any CPU.Build.0 = Release|Any CPU
		{16D84073-7F6B-43E5-A1EF-FFBE3201865F}.Release|Any CPU.ActiveCfg = Release|Any CPU
		{16D84073-7F6B-43E5-A1EF-FFBE3201865F}.Release|Any CPU.Build.0 = Release|Any CPU
		{AC4D7CBB-0D87-4CD7-B642-65D2710E9E6F}.Debug|Any CPU.ActiveCfg = Debug|Any CPU
		{AC4D7CBB-0D87-4CD7-B642-65D2710E9E6F}.Debug|Any CPU.Build.0 = Debug|Any CPU
		{AC4D7CBB-0D87-4CD7-B642-65D2710E9E6F}.Release Pro|Any CPU.ActiveCfg = Release|Any CPU
		{AC4D7CBB-0D87-4CD7-B642-65D2710E9E6F}.Release Pro|Any CPU.Build.0 = Release|Any CPU
		{AC4D7CBB-0D87-4CD7-B642-65D2710E9E6F}.Release|Any CPU.ActiveCfg = Release|Any CPU
		{AC4D7CBB-0D87-4CD7-B642-65D2710E9E6F}.Release|Any CPU.Build.0 = Release|Any CPU
		{37C54F92-581C-4FDE-AE60-526CD01FD1FD}.Debug|Any CPU.ActiveCfg = Debug|Any CPU
		{37C54F92-581C-4FDE-AE60-526CD01FD1FD}.Debug|Any CPU.Build.0 = Debug|Any CPU
		{37C54F92-581C-4FDE-AE60-526CD01FD1FD}.Release Pro|Any CPU.ActiveCfg = Release|Any CPU
		{37C54F92-581C-4FDE-AE60-526CD01FD1FD}.Release Pro|Any CPU.Build.0 = Release|Any CPU
		{37C54F92-581C-4FDE-AE60-526CD01FD1FD}.Release|Any CPU.ActiveCfg = Release|Any CPU
		{37C54F92-581C-4FDE-AE60-526CD01FD1FD}.Release|Any CPU.Build.0 = Release|Any CPU
		{E3203B24-AFEB-4D26-A140-B85858A82735}.Debug|Any CPU.ActiveCfg = Debug|Any CPU
		{E3203B24-AFEB-4D26-A140-B85858A82735}.Debug|Any CPU.Build.0 = Debug|Any CPU
		{E3203B24-AFEB-4D26-A140-B85858A82735}.Release Pro|Any CPU.ActiveCfg = Release|Any CPU
		{E3203B24-AFEB-4D26-A140-B85858A82735}.Release Pro|Any CPU.Build.0 = Release|Any CPU
		{E3203B24-AFEB-4D26-A140-B85858A82735}.Release|Any CPU.ActiveCfg = Release|Any CPU
		{E3203B24-AFEB-4D26-A140-B85858A82735}.Release|Any CPU.Build.0 = Release|Any CPU
		{A9493E5F-301A-47DB-972C-F2F59E0C43BC}.Debug|Any CPU.ActiveCfg = Debug|Any CPU
		{A9493E5F-301A-47DB-972C-F2F59E0C43BC}.Debug|Any CPU.Build.0 = Debug|Any CPU
		{A9493E5F-301A-47DB-972C-F2F59E0C43BC}.Release Pro|Any CPU.ActiveCfg = Release|Any CPU
		{A9493E5F-301A-47DB-972C-F2F59E0C43BC}.Release Pro|Any CPU.Build.0 = Release|Any CPU
		{A9493E5F-301A-47DB-972C-F2F59E0C43BC}.Release|Any CPU.ActiveCfg = Release|Any CPU
		{A9493E5F-301A-47DB-972C-F2F59E0C43BC}.Release|Any CPU.Build.0 = Release|Any CPU
		{8392392F-97D1-4D87-A1FE-9B3BFEE2EFE4}.Debug|Any CPU.ActiveCfg = Debug|Any CPU
		{8392392F-97D1-4D87-A1FE-9B3BFEE2EFE4}.Debug|Any CPU.Build.0 = Debug|Any CPU
		{8392392F-97D1-4D87-A1FE-9B3BFEE2EFE4}.Release Pro|Any CPU.ActiveCfg = Release|Any CPU
		{8392392F-97D1-4D87-A1FE-9B3BFEE2EFE4}.Release Pro|Any CPU.Build.0 = Release|Any CPU
		{8392392F-97D1-4D87-A1FE-9B3BFEE2EFE4}.Release|Any CPU.ActiveCfg = Release|Any CPU
		{8392392F-97D1-4D87-A1FE-9B3BFEE2EFE4}.Release|Any CPU.Build.0 = Release|Any CPU
		{8179D686-0600-4728-BA2A-6674571B9F88}.Debug|Any CPU.ActiveCfg = Debug|Any CPU
		{8179D686-0600-4728-BA2A-6674571B9F88}.Debug|Any CPU.Build.0 = Debug|Any CPU
		{8179D686-0600-4728-BA2A-6674571B9F88}.Release Pro|Any CPU.ActiveCfg = Release|Any CPU
		{8179D686-0600-4728-BA2A-6674571B9F88}.Release Pro|Any CPU.Build.0 = Release|Any CPU
		{8179D686-0600-4728-BA2A-6674571B9F88}.Release|Any CPU.ActiveCfg = Release|Any CPU
		{8179D686-0600-4728-BA2A-6674571B9F88}.Release|Any CPU.Build.0 = Release|Any CPU
		{76BE15EE-931E-4BA9-9288-0825C3D37966}.Debug|Any CPU.ActiveCfg = Debug|Any CPU
		{76BE15EE-931E-4BA9-9288-0825C3D37966}.Debug|Any CPU.Build.0 = Debug|Any CPU
		{76BE15EE-931E-4BA9-9288-0825C3D37966}.Release Pro|Any CPU.ActiveCfg = Release|Any CPU
		{76BE15EE-931E-4BA9-9288-0825C3D37966}.Release Pro|Any CPU.Build.0 = Release|Any CPU
		{76BE15EE-931E-4BA9-9288-0825C3D37966}.Release|Any CPU.ActiveCfg = Release|Any CPU
		{76BE15EE-931E-4BA9-9288-0825C3D37966}.Release|Any CPU.Build.0 = Release|Any CPU
		{73481B73-4311-4A81-8827-CCAB7E2FD66A}.Debug|Any CPU.ActiveCfg = Debug|Any CPU
		{73481B73-4311-4A81-8827-CCAB7E2FD66A}.Debug|Any CPU.Build.0 = Debug|Any CPU
		{73481B73-4311-4A81-8827-CCAB7E2FD66A}.Release Pro|Any CPU.ActiveCfg = Release|Any CPU
		{73481B73-4311-4A81-8827-CCAB7E2FD66A}.Release Pro|Any CPU.Build.0 = Release|Any CPU
		{73481B73-4311-4A81-8827-CCAB7E2FD66A}.Release|Any CPU.ActiveCfg = Release|Any CPU
		{73481B73-4311-4A81-8827-CCAB7E2FD66A}.Release|Any CPU.Build.0 = Release|Any CPU
		{B8CC1EFF-50CB-441A-8027-3852EDA7DF8C}.Debug|Any CPU.ActiveCfg = Debug|Any CPU
		{B8CC1EFF-50CB-441A-8027-3852EDA7DF8C}.Debug|Any CPU.Build.0 = Debug|Any CPU
		{B8CC1EFF-50CB-441A-8027-3852EDA7DF8C}.Release Pro|Any CPU.ActiveCfg = Release|Any CPU
		{B8CC1EFF-50CB-441A-8027-3852EDA7DF8C}.Release Pro|Any CPU.Build.0 = Release|Any CPU
		{B8CC1EFF-50CB-441A-8027-3852EDA7DF8C}.Release|Any CPU.ActiveCfg = Release|Any CPU
		{B8CC1EFF-50CB-441A-8027-3852EDA7DF8C}.Release|Any CPU.Build.0 = Release|Any CPU
		{B22CCE01-30AD-4601-905F-F4B93E71C124}.Debug|Any CPU.ActiveCfg = Debug|Any CPU
		{B22CCE01-30AD-4601-905F-F4B93E71C124}.Debug|Any CPU.Build.0 = Debug|Any CPU
		{B22CCE01-30AD-4601-905F-F4B93E71C124}.Release Pro|Any CPU.ActiveCfg = Release|Any CPU
		{B22CCE01-30AD-4601-905F-F4B93E71C124}.Release Pro|Any CPU.Build.0 = Release|Any CPU
		{B22CCE01-30AD-4601-905F-F4B93E71C124}.Release|Any CPU.ActiveCfg = Release|Any CPU
		{B22CCE01-30AD-4601-905F-F4B93E71C124}.Release|Any CPU.Build.0 = Release|Any CPU
		{C5F9520D-8672-4213-969C-9502522DD191}.Debug|Any CPU.ActiveCfg = Debug|Any CPU
		{C5F9520D-8672-4213-969C-9502522DD191}.Debug|Any CPU.Build.0 = Debug|Any CPU
		{C5F9520D-8672-4213-969C-9502522DD191}.Release Pro|Any CPU.ActiveCfg = Release|Any CPU
		{C5F9520D-8672-4213-969C-9502522DD191}.Release Pro|Any CPU.Build.0 = Release|Any CPU
		{C5F9520D-8672-4213-969C-9502522DD191}.Release|Any CPU.ActiveCfg = Release|Any CPU
		{C5F9520D-8672-4213-969C-9502522DD191}.Release|Any CPU.Build.0 = Release|Any CPU
		{3E598CFC-83B2-494A-A97F-32EB24D797C6}.Debug|Any CPU.ActiveCfg = Debug|Any CPU
		{3E598CFC-83B2-494A-A97F-32EB24D797C6}.Debug|Any CPU.Build.0 = Debug|Any CPU
		{3E598CFC-83B2-494A-A97F-32EB24D797C6}.Release Pro|Any CPU.ActiveCfg = Release Pro|Any CPU
		{3E598CFC-83B2-494A-A97F-32EB24D797C6}.Release Pro|Any CPU.Build.0 = Release Pro|Any CPU
		{3E598CFC-83B2-494A-A97F-32EB24D797C6}.Release|Any CPU.ActiveCfg = Release|Any CPU
		{3E598CFC-83B2-494A-A97F-32EB24D797C6}.Release|Any CPU.Build.0 = Release|Any CPU
		{79A1EDA0-6B67-4963-9172-2CA041FBD3BE}.Debug|Any CPU.ActiveCfg = Debug|Any CPU
		{79A1EDA0-6B67-4963-9172-2CA041FBD3BE}.Debug|Any CPU.Build.0 = Debug|Any CPU
		{79A1EDA0-6B67-4963-9172-2CA041FBD3BE}.Release Pro|Any CPU.ActiveCfg = Release|Any CPU
		{79A1EDA0-6B67-4963-9172-2CA041FBD3BE}.Release Pro|Any CPU.Build.0 = Release|Any CPU
		{79A1EDA0-6B67-4963-9172-2CA041FBD3BE}.Release|Any CPU.ActiveCfg = Release|Any CPU
		{79A1EDA0-6B67-4963-9172-2CA041FBD3BE}.Release|Any CPU.Build.0 = Release|Any CPU
		{4DC8FFAE-432A-49E9-933F-CE4739740245}.Debug|Any CPU.ActiveCfg = Debug|Any CPU
		{4DC8FFAE-432A-49E9-933F-CE4739740245}.Debug|Any CPU.Build.0 = Debug|Any CPU
		{4DC8FFAE-432A-49E9-933F-CE4739740245}.Release Pro|Any CPU.ActiveCfg = Release|Any CPU
		{4DC8FFAE-432A-49E9-933F-CE4739740245}.Release Pro|Any CPU.Build.0 = Release|Any CPU
		{4DC8FFAE-432A-49E9-933F-CE4739740245}.Release|Any CPU.ActiveCfg = Release|Any CPU
		{4DC8FFAE-432A-49E9-933F-CE4739740245}.Release|Any CPU.Build.0 = Release|Any CPU
		{4CB7478F-4ADF-4423-AA7A-C0AFCDEE774F}.Debug|Any CPU.ActiveCfg = Debug|Any CPU
		{4CB7478F-4ADF-4423-AA7A-C0AFCDEE774F}.Debug|Any CPU.Build.0 = Debug|Any CPU
		{4CB7478F-4ADF-4423-AA7A-C0AFCDEE774F}.Release Pro|Any CPU.ActiveCfg = Release|Any CPU
		{4CB7478F-4ADF-4423-AA7A-C0AFCDEE774F}.Release Pro|Any CPU.Build.0 = Release|Any CPU
		{4CB7478F-4ADF-4423-AA7A-C0AFCDEE774F}.Release|Any CPU.ActiveCfg = Release|Any CPU
		{4CB7478F-4ADF-4423-AA7A-C0AFCDEE774F}.Release|Any CPU.Build.0 = Release|Any CPU
	EndGlobalSection
	GlobalSection(SolutionProperties) = preSolution
		HideSolutionNode = FALSE
	EndGlobalSection
	GlobalSection(NestedProjects) = preSolution
		{732189F6-7A48-4FF2-8705-B1CD80897B67} = {B0CF9D5F-3830-440E-B516-78B2CF9113EF}
		{F1D4B6DF-3042-4E81-A296-6D16F3B51A6B} = {B0CF9D5F-3830-440E-B516-78B2CF9113EF}
		{8392392F-97D1-4D87-A1FE-9B3BFEE2EFE4} = {B0CF9D5F-3830-440E-B516-78B2CF9113EF}
		{8179D686-0600-4728-BA2A-6674571B9F88} = {B0CF9D5F-3830-440E-B516-78B2CF9113EF}
		{76BE15EE-931E-4BA9-9288-0825C3D37966} = {B0CF9D5F-3830-440E-B516-78B2CF9113EF}
		{73481B73-4311-4A81-8827-CCAB7E2FD66A} = {B0CF9D5F-3830-440E-B516-78B2CF9113EF}
		{DA80ABB5-0A99-4DC1-B56F-DAF7018D3BC5} = {1B002AE5-A482-4A96-B9B8-0D6E8009BE1A}
		{1DDD3B19-2D08-4D0B-9E67-0D82B1073C21} = {1B002AE5-A482-4A96-B9B8-0D6E8009BE1A}
		{EC67B062-8ABC-4B40-94D1-097421B04CE4} = {1B002AE5-A482-4A96-B9B8-0D6E8009BE1A}
		{6026BB1F-D318-49B7-A07F-86788C4CD724} = {1B002AE5-A482-4A96-B9B8-0D6E8009BE1A}
		{27403773-6935-4D02-A15D-3B8BF117D051} = {1B002AE5-A482-4A96-B9B8-0D6E8009BE1A}
		{A4C5ABE0-66A7-401C-A05E-0D03E8805838} = {1B002AE5-A482-4A96-B9B8-0D6E8009BE1A}
		{79A1EDA0-6B67-4963-9172-2CA041FBD3BE} = {1B002AE5-A482-4A96-B9B8-0D6E8009BE1A}
		{4DC8FFAE-432A-49E9-933F-CE4739740245} = {1B002AE5-A482-4A96-B9B8-0D6E8009BE1A}
		{5D5EB908-B67B-4E7E-AF9E-25BDD03F543E} = {8E1763CC-5943-4001-AEF5-502A2141685C}
		{CC84F5C7-7CCA-4638-BD8B-4BBCC75AB9B1} = {8E1763CC-5943-4001-AEF5-502A2141685C}
		{4CB7478F-4ADF-4423-AA7A-C0AFCDEE774F} = {8E1763CC-5943-4001-AEF5-502A2141685C}
		{70F36221-8949-40EB-8996-4F7CA11CC007} = {71546743-892B-4AB9-BC8A-B209795E51E3}
		{16D84073-7F6B-43E5-A1EF-FFBE3201865F} = {71546743-892B-4AB9-BC8A-B209795E51E3}
		{AC4D7CBB-0D87-4CD7-B642-65D2710E9E6F} = {71546743-892B-4AB9-BC8A-B209795E51E3}
		{37C54F92-581C-4FDE-AE60-526CD01FD1FD} = {71546743-892B-4AB9-BC8A-B209795E51E3}
		{E3203B24-AFEB-4D26-A140-B85858A82735} = {71546743-892B-4AB9-BC8A-B209795E51E3}
		{B8CC1EFF-50CB-441A-8027-3852EDA7DF8C} = {71546743-892B-4AB9-BC8A-B209795E51E3}
		{B22CCE01-30AD-4601-905F-F4B93E71C124} = {71546743-892B-4AB9-BC8A-B209795E51E3}
		{C5F9520D-8672-4213-969C-9502522DD191} = {71546743-892B-4AB9-BC8A-B209795E51E3}
		{656D1A93-A92A-402E-9AF7-4AF4BE963958} = {5116D4AC-2EAC-4E12-9579-6D8EFE5F3DA7}
		{86BD250A-0144-4497-86A3-90BF8D4FE40D} = {5116D4AC-2EAC-4E12-9579-6D8EFE5F3DA7}
		{35D78ACD-3AA6-4593-AD64-5ABF3C3BB7B6} = {5116D4AC-2EAC-4E12-9579-6D8EFE5F3DA7}
		{B5105E60-0C2B-494E-A7D0-8336572AB469} = {5116D4AC-2EAC-4E12-9579-6D8EFE5F3DA7}
		{9F685246-E7D2-43D8-A76F-027787420687} = {22BD1D53-7363-4021-AA83-B610406660B8}
		{66D63608-084C-4169-A041-C08725A5ABA1} = {22BD1D53-7363-4021-AA83-B610406660B8}
		{A9493E5F-301A-47DB-972C-F2F59E0C43BC} = {F0169234-827F-4E0A-B58D-1EACFD86FFA8}
		{3E598CFC-83B2-494A-A97F-32EB24D797C6} = {F0169234-827F-4E0A-B58D-1EACFD86FFA8}
		{D93B9B9B-9D3E-457E-B23F-81CDD31DCD43} = {78BA59E6-45BF-4B0E-A86D-01D1259E1F02}
	EndGlobalSection
EndGlobal
